// !$*UTF8*$!
{
	archiveVersion = 1;
	classes = {
	};
	objectVersion = 46;
	objects = {

/* Begin PBXBuildFile section */
		1D6050BBFFFDF6F42CAA7FEC /* libPods.a in Frameworks */ = {isa = PBXBuildFile; fileRef = 7A27961751BEF2DBD147CC55 /* libPods.a */; };
		5710CA6F1C1FAD7700D9E652 /* BrowsePictureViewController.m in Sources */ = {isa = PBXBuildFile; fileRef = 5710CA6C1C1FAD7700D9E652 /* BrowsePictureViewController.m */; };
		5710CA701C1FAD7700D9E652 /* PictureCell.m in Sources */ = {isa = PBXBuildFile; fileRef = 5710CA6E1C1FAD7700D9E652 /* PictureCell.m */; };
		5710CA821C1FADC500D9E652 /* ClassManageDataSource.m in Sources */ = {isa = PBXBuildFile; fileRef = 5710CA721C1FADC500D9E652 /* ClassManageDataSource.m */; };
		5710CA841C1FADC500D9E652 /* ClassManageStudentViewController.m in Sources */ = {isa = PBXBuildFile; fileRef = 5710CA761C1FADC500D9E652 /* ClassManageStudentViewController.m */; };
		5710CA851C1FADC500D9E652 /* ClassManageTeacherViewController.m in Sources */ = {isa = PBXBuildFile; fileRef = 5710CA781C1FADC500D9E652 /* ClassManageTeacherViewController.m */; };
		5710CA861C1FADC500D9E652 /* ClassManageTeacherViewController.xib in Resources */ = {isa = PBXBuildFile; fileRef = 5710CA791C1FADC500D9E652 /* ClassManageTeacherViewController.xib */; };
		5710CA871C1FADC500D9E652 /* ClassManageViewController.m in Sources */ = {isa = PBXBuildFile; fileRef = 5710CA7B1C1FADC500D9E652 /* ClassManageViewController.m */; };
		5710CA881C1FADC500D9E652 /* ModifyClassInfoViewController.m in Sources */ = {isa = PBXBuildFile; fileRef = 5710CA7D1C1FADC500D9E652 /* ModifyClassInfoViewController.m */; };
		5710CA891C1FADC500D9E652 /* ModifyClassInfoViewController.xib in Resources */ = {isa = PBXBuildFile; fileRef = 5710CA7E1C1FADC500D9E652 /* ModifyClassInfoViewController.xib */; };
		5710CA9A1C1FAE1A00D9E652 /* StudentManageCell.m in Sources */ = {isa = PBXBuildFile; fileRef = 5710CA981C1FAE1A00D9E652 /* StudentManageCell.m */; };
		5710CA9B1C1FAE1A00D9E652 /* StudentManageCell.xib in Resources */ = {isa = PBXBuildFile; fileRef = 5710CA991C1FAE1A00D9E652 /* StudentManageCell.xib */; };
		5710CA9F1C1FB0A400D9E652 /* ClassManageCell.m in Sources */ = {isa = PBXBuildFile; fileRef = 5710CA9D1C1FB0A400D9E652 /* ClassManageCell.m */; };
		5710CAA01C1FB0A400D9E652 /* ClassManageCell.xib in Resources */ = {isa = PBXBuildFile; fileRef = 5710CA9E1C1FB0A400D9E652 /* ClassManageCell.xib */; };
		5710CAA41C1FB0AC00D9E652 /* ClassManageSubCell.m in Sources */ = {isa = PBXBuildFile; fileRef = 5710CAA21C1FB0AC00D9E652 /* ClassManageSubCell.m */; };
		5710CAA51C1FB0AC00D9E652 /* ClassManageSubCell.xib in Resources */ = {isa = PBXBuildFile; fileRef = 5710CAA31C1FB0AC00D9E652 /* ClassManageSubCell.xib */; };
		5710CAA81C1FB0B700D9E652 /* ClassManageSelectSubjectView.m in Sources */ = {isa = PBXBuildFile; fileRef = 5710CAA71C1FB0B700D9E652 /* ClassManageSelectSubjectView.m */; };
		571FC4FB1C07F30C009F1F0E /* main.m in Sources */ = {isa = PBXBuildFile; fileRef = 571FC4FA1C07F30C009F1F0E /* main.m */; };
		571FC5061C07F30C009F1F0E /* Assets.xcassets in Resources */ = {isa = PBXBuildFile; fileRef = 571FC5051C07F30C009F1F0E /* Assets.xcassets */; };
		571FC5201C07F456009F1F0E /* AppDelegate.m in Sources */ = {isa = PBXBuildFile; fileRef = 571FC5131C07F456009F1F0E /* AppDelegate.m */; };
		571FC5651C081804009F1F0E /* AppUtils.m in Sources */ = {isa = PBXBuildFile; fileRef = 571FC5641C081804009F1F0E /* AppUtils.m */; };
		571FC5711C082A30009F1F0E /* UIView+Frame.m in Sources */ = {isa = PBXBuildFile; fileRef = 571FC5701C082A30009F1F0E /* UIView+Frame.m */; };
		5737C2FE1C116F5B003F3EDF /* PersonalCenterTableDataSource.m in Sources */ = {isa = PBXBuildFile; fileRef = 5737C2FD1C116F5B003F3EDF /* PersonalCenterTableDataSource.m */; };
		5737C3011C11734A003F3EDF /* HomeTableDataSource.m in Sources */ = {isa = PBXBuildFile; fileRef = 5737C3001C11734A003F3EDF /* HomeTableDataSource.m */; };
		5737C3051C1176D1003F3EDF /* HomeCell.m in Sources */ = {isa = PBXBuildFile; fileRef = 5737C3031C1176D1003F3EDF /* HomeCell.m */; };
		5737C3061C1176D1003F3EDF /* HomeCell.xib in Resources */ = {isa = PBXBuildFile; fileRef = 5737C3041C1176D1003F3EDF /* HomeCell.xib */; };
		5737C30A1C117E60003F3EDF /* HomeworkHandle.m in Sources */ = {isa = PBXBuildFile; fileRef = 5737C3091C117E60003F3EDF /* HomeworkHandle.m */; };
		57452A111C1725BC00521F7F /* NSString+Gen_uuid.m in Sources */ = {isa = PBXBuildFile; fileRef = 57452A101C1725BC00521F7F /* NSString+Gen_uuid.m */; };
		575C932F1C101B690079984F /* WUHttpClient.m in Sources */ = {isa = PBXBuildFile; fileRef = 575C932E1C101B690079984F /* WUHttpClient.m */; };
		575C93331C101E2A0079984F /* UserInfoHandle.m in Sources */ = {isa = PBXBuildFile; fileRef = 575C93321C101E2A0079984F /* UserInfoHandle.m */; };
		575C93371C1021740079984F /* BaseHandle.m in Sources */ = {isa = PBXBuildFile; fileRef = 575C93361C1021740079984F /* BaseHandle.m */; };
		575C933A1C102A4E0079984F /* BaseModel.m in Sources */ = {isa = PBXBuildFile; fileRef = 575C93391C102A4E0079984F /* BaseModel.m */; };
		575C933D1C102A650079984F /* UserInfoModel.m in Sources */ = {isa = PBXBuildFile; fileRef = 575C933C1C102A650079984F /* UserInfoModel.m */; };
		575C93401C102AA40079984F /* SchoolInfoModel.m in Sources */ = {isa = PBXBuildFile; fileRef = 575C933F1C102AA40079984F /* SchoolInfoModel.m */; };
		575C93431C102DF90079984F /* ParamInfoModel.m in Sources */ = {isa = PBXBuildFile; fileRef = 575C93421C102DF90079984F /* ParamInfoModel.m */; };
		575C93461C10382E0079984F /* UserInfoTool.m in Sources */ = {isa = PBXBuildFile; fileRef = 575C93451C10382E0079984F /* UserInfoTool.m */; };
		575C934F1C1042700079984F /* PersonalCenterItemCell.m in Sources */ = {isa = PBXBuildFile; fileRef = 575C934D1C1042700079984F /* PersonalCenterItemCell.m */; };
		575C93501C1042700079984F /* PersonalCenterItemCell.xib in Resources */ = {isa = PBXBuildFile; fileRef = 575C934E1C1042700079984F /* PersonalCenterItemCell.xib */; };
		575C93541C1044130079984F /* PersonalCenterSubItemCell.m in Sources */ = {isa = PBXBuildFile; fileRef = 575C93521C1044130079984F /* PersonalCenterSubItemCell.m */; };
		575C93551C1044130079984F /* PersonalCenterSubItemCell.xib in Resources */ = {isa = PBXBuildFile; fileRef = 575C93531C1044130079984F /* PersonalCenterSubItemCell.xib */; };
		575C93591C1045D20079984F /* HeaderIconCell.m in Sources */ = {isa = PBXBuildFile; fileRef = 575C93571C1045D20079984F /* HeaderIconCell.m */; };
		575C935A1C1045D20079984F /* HeaderIconCell.xib in Resources */ = {isa = PBXBuildFile; fileRef = 575C93581C1045D20079984F /* HeaderIconCell.xib */; };
		576192821C204BA700179A35 /* WUPopView.m in Sources */ = {isa = PBXBuildFile; fileRef = 576192811C204BA700179A35 /* WUPopView.m */; };
		576192851C204D4100179A35 /* WUPopViewDataSource.m in Sources */ = {isa = PBXBuildFile; fileRef = 576192841C204D4100179A35 /* WUPopViewDataSource.m */; };
		57830E5F1C0DD72A006B5263 /* UserTool.m in Sources */ = {isa = PBXBuildFile; fileRef = 57830E5E1C0DD72A006B5263 /* UserTool.m */; };
		57830E881C0DDDE8006B5263 /* AddClassCell.m in Sources */ = {isa = PBXBuildFile; fileRef = 57830E7C1C0DDDE8006B5263 /* AddClassCell.m */; };
		57830E891C0DDDE8006B5263 /* AddClassCell.xib in Resources */ = {isa = PBXBuildFile; fileRef = 57830E7D1C0DDDE8006B5263 /* AddClassCell.xib */; };
		57830E8A1C0DDDE8006B5263 /* OtherClassCell.m in Sources */ = {isa = PBXBuildFile; fileRef = 57830E7F1C0DDDE8006B5263 /* OtherClassCell.m */; };
		57830E8B1C0DDDE8006B5263 /* OtherClassCell.xib in Resources */ = {isa = PBXBuildFile; fileRef = 57830E801C0DDDE8006B5263 /* OtherClassCell.xib */; };
		57830E8C1C0DDDE8006B5263 /* SelectSchoolHeaderView.m in Sources */ = {isa = PBXBuildFile; fileRef = 57830E841C0DDDE8006B5263 /* SelectSchoolHeaderView.m */; };
		57830E8D1C0DDDE8006B5263 /* SelectSchoolHeaderView.xib in Resources */ = {isa = PBXBuildFile; fileRef = 57830E851C0DDDE8006B5263 /* SelectSchoolHeaderView.xib */; };
		57830E991C0DDE59006B5263 /* LoginViewController.m in Sources */ = {isa = PBXBuildFile; fileRef = 57830E921C0DDE59006B5263 /* LoginViewController.m */; };
		57830E9A1C0DDE59006B5263 /* LoginViewController.xib in Resources */ = {isa = PBXBuildFile; fileRef = 57830E931C0DDE59006B5263 /* LoginViewController.xib */; };
		57830E9B1C0DDE59006B5263 /* SelectSchoolViewController.m in Sources */ = {isa = PBXBuildFile; fileRef = 57830E951C0DDE59006B5263 /* SelectSchoolViewController.m */; };
		57830E9C1C0DDE59006B5263 /* TeacherRegisterViewController.m in Sources */ = {isa = PBXBuildFile; fileRef = 57830E971C0DDE59006B5263 /* TeacherRegisterViewController.m */; };
		57830E9D1C0DDE59006B5263 /* TeacherRegisterViewController.xib in Resources */ = {isa = PBXBuildFile; fileRef = 57830E981C0DDE59006B5263 /* TeacherRegisterViewController.xib */; };
		57830EA71C0DDECE006B5263 /* BaseViewController.m in Sources */ = {isa = PBXBuildFile; fileRef = 57830EA61C0DDECE006B5263 /* BaseViewController.m */; };
		57830EAB1C0DDEF0006B5263 /* PersonalCenterViewController.m in Sources */ = {isa = PBXBuildFile; fileRef = 57830EA91C0DDEEF006B5263 /* PersonalCenterViewController.m */; };
		57830EB31C0DDF0F006B5263 /* HomeViewController.m in Sources */ = {isa = PBXBuildFile; fileRef = 57830EAE1C0DDF0F006B5263 /* HomeViewController.m */; };
		57830EB51C0DDF0F006B5263 /* PublishHomeworkViewController.m in Sources */ = {isa = PBXBuildFile; fileRef = 57830EB11C0DDF0F006B5263 /* PublishHomeworkViewController.m */; };
		57830EBC1C0DDF23006B5263 /* AddClassViewController.m in Sources */ = {isa = PBXBuildFile; fileRef = 57830EB81C0DDF23006B5263 /* AddClassViewController.m */; };
		57830EC11C0DDFB9006B5263 /* SelectSchoolButton.m in Sources */ = {isa = PBXBuildFile; fileRef = 57830EC01C0DDFB9006B5263 /* SelectSchoolButton.m */; };
		57830EC81C0DDFE3006B5263 /* THLoginTextField.m in Sources */ = {isa = PBXBuildFile; fileRef = 57830EC31C0DDFE3006B5263 /* THLoginTextField.m */; };
		57830EC91C0DDFE3006B5263 /* THSubmitButton.m in Sources */ = {isa = PBXBuildFile; fileRef = 57830EC51C0DDFE3006B5263 /* THSubmitButton.m */; };
		57830ECA1C0DDFE3006B5263 /* THTextField.m in Sources */ = {isa = PBXBuildFile; fileRef = 57830EC71C0DDFE3006B5263 /* THTextField.m */; };
		57830EDF1C0DE038006B5263 /* THNavigationController.m in Sources */ = {isa = PBXBuildFile; fileRef = 57830EDC1C0DE038006B5263 /* THNavigationController.m */; };
		57830EE01C0DE038006B5263 /* THTabBarController.m in Sources */ = {isa = PBXBuildFile; fileRef = 57830EDE1C0DE038006B5263 /* THTabBarController.m */; };
		57830EE21C0DE0F9006B5263 /* HomeworkHeaderView.xib in Resources */ = {isa = PBXBuildFile; fileRef = 57830EE11C0DE0F9006B5263 /* HomeworkHeaderView.xib */; };
		57830EE51C0DE108006B5263 /* HomeworkHeaderView.m in Sources */ = {isa = PBXBuildFile; fileRef = 57830EE41C0DE108006B5263 /* HomeworkHeaderView.m */; };
		57830EFB1C0DE7D8006B5263 /* chexbox_checked@2x.png in Resources */ = {isa = PBXBuildFile; fileRef = 57830EF31C0DE7D8006B5263 /* chexbox_checked@2x.png */; };
		57830EFC1C0DE7D8006B5263 /* chexbox_normal@2x.png in Resources */ = {isa = PBXBuildFile; fileRef = 57830EF41C0DE7D8006B5263 /* chexbox_normal@2x.png */; };
		57830EFD1C0DE7D8006B5263 /* radio_checked@2x.png in Resources */ = {isa = PBXBuildFile; fileRef = 57830EF51C0DE7D8006B5263 /* radio_checked@2x.png */; };
		57830EFE1C0DE7D8006B5263 /* radio_normal@2x.png in Resources */ = {isa = PBXBuildFile; fileRef = 57830EF61C0DE7D8006B5263 /* radio_normal@2x.png */; };
		57830EFF1C0DE7D8006B5263 /* WUButton.m in Sources */ = {isa = PBXBuildFile; fileRef = 57830EF81C0DE7D8006B5263 /* WUButton.m */; };
		57830F001C0DE7D8006B5263 /* WUButtonContainrView.m in Sources */ = {isa = PBXBuildFile; fileRef = 57830EFA1C0DE7D8006B5263 /* WUButtonContainrView.m */; };
		57A3ED1E1C224FCA0077C95D /* Info.plist in Resources */ = {isa = PBXBuildFile; fileRef = 57A3ED1D1C224FCA0077C95D /* Info.plist */; };
		57C804271C15571500AF1544 /* HomeworkManageViewController.m in Sources */ = {isa = PBXBuildFile; fileRef = 57C804261C15571500AF1544 /* HomeworkManageViewController.m */; };
		57C8042B1C15608700AF1544 /* HomeworkDetailViewController.m in Sources */ = {isa = PBXBuildFile; fileRef = 57C804291C15608700AF1544 /* HomeworkDetailViewController.m */; };
		57C8042C1C15608700AF1544 /* HomeworkDetailViewController.xib in Resources */ = {isa = PBXBuildFile; fileRef = 57C8042A1C15608700AF1544 /* HomeworkDetailViewController.xib */; };
		57C804301C1561C700AF1544 /* CheckSituationViewController.m in Sources */ = {isa = PBXBuildFile; fileRef = 57C8042E1C1561C700AF1544 /* CheckSituationViewController.m */; };
		57C804311C1561C700AF1544 /* CheckSituationViewController.xib in Resources */ = {isa = PBXBuildFile; fileRef = 57C8042F1C1561C700AF1544 /* CheckSituationViewController.xib */; };
		57C804351C1561FF00AF1544 /* ModifyHomeworkViewController.m in Sources */ = {isa = PBXBuildFile; fileRef = 57C804331C1561FF00AF1544 /* ModifyHomeworkViewController.m */; };
		57C804361C1561FF00AF1544 /* ModifyHomeworkViewController.xib in Resources */ = {isa = PBXBuildFile; fileRef = 57C804341C1561FF00AF1544 /* ModifyHomeworkViewController.xib */; };
		57C8044B1C1568D700AF1544 /* ClassesInfoModel.m in Sources */ = {isa = PBXBuildFile; fileRef = 57C804461C1568D700AF1544 /* ClassesInfoModel.m */; };
		57C8044C1C1568D700AF1544 /* HomeworkModel.m in Sources */ = {isa = PBXBuildFile; fileRef = 57C804481C1568D700AF1544 /* HomeworkModel.m */; };
		57C8044D1C1568D700AF1544 /* HomeworkStatusModel.m in Sources */ = {isa = PBXBuildFile; fileRef = 57C8044A1C1568D700AF1544 /* HomeworkStatusModel.m */; };
		57C804541C156BA000AF1544 /* UploadAnswerViewController.m in Sources */ = {isa = PBXBuildFile; fileRef = 57C804521C156BA000AF1544 /* UploadAnswerViewController.m */; };
		57C804551C156BA000AF1544 /* UploadAnswerViewController.xib in Resources */ = {isa = PBXBuildFile; fileRef = 57C804531C156BA000AF1544 /* UploadAnswerViewController.xib */; };
		57C804591C156BBE00AF1544 /* ModifyAnswerViewController.m in Sources */ = {isa = PBXBuildFile; fileRef = 57C804571C156BBE00AF1544 /* ModifyAnswerViewController.m */; };
		57C8045A1C156BBE00AF1544 /* ModifyAnswerViewController.xib in Resources */ = {isa = PBXBuildFile; fileRef = 57C804581C156BBE00AF1544 /* ModifyAnswerViewController.xib */; };
		57C8045E1C156EC500AF1544 /* TextFieldCell.m in Sources */ = {isa = PBXBuildFile; fileRef = 57C8045C1C156EC500AF1544 /* TextFieldCell.m */; };
		57C8045F1C156EC500AF1544 /* TextFieldCell.xib in Resources */ = {isa = PBXBuildFile; fileRef = 57C8045D1C156EC500AF1544 /* TextFieldCell.xib */; };
		57C804651C15791800AF1544 /* ClassInfoModel.m in Sources */ = {isa = PBXBuildFile; fileRef = 57C804641C15791800AF1544 /* ClassInfoModel.m */; };
		57C804691C166C9E00AF1544 /* CustomInputAccessoryView.m in Sources */ = {isa = PBXBuildFile; fileRef = 57C804681C166C9E00AF1544 /* CustomInputAccessoryView.m */; };
		57C804711C1674CF00AF1544 /* AttachmentContainerView.m in Sources */ = {isa = PBXBuildFile; fileRef = 57C8046C1C1674CF00AF1544 /* AttachmentContainerView.m */; };
		57C804721C1674CF00AF1544 /* AttachmentPhoto.m in Sources */ = {isa = PBXBuildFile; fileRef = 57C8046E1C1674CF00AF1544 /* AttachmentPhoto.m */; };
		57C804731C1674CF00AF1544 /* icon_delete@2x.png in Resources */ = {isa = PBXBuildFile; fileRef = 57C8046F1C1674CF00AF1544 /* icon_delete@2x.png */; };
		57C804741C1674CF00AF1544 /* icon_upload_homework@2x.png in Resources */ = {isa = PBXBuildFile; fileRef = 57C804701C1674CF00AF1544 /* icon_upload_homework@2x.png */; };
		57C804781C16758E00AF1544 /* AddAttachmentCell.m in Sources */ = {isa = PBXBuildFile; fileRef = 57C804761C16758E00AF1544 /* AddAttachmentCell.m */; };
		57C804791C16758E00AF1544 /* AddAttachmentCell.xib in Resources */ = {isa = PBXBuildFile; fileRef = 57C804771C16758E00AF1544 /* AddAttachmentCell.xib */; };
		57C804831C16C34E00AF1544 /* HomeworkContentCell.m in Sources */ = {isa = PBXBuildFile; fileRef = 57C804811C16C34E00AF1544 /* HomeworkContentCell.m */; };
		57C804841C16C34E00AF1544 /* HomeworkContentCell.xib in Resources */ = {isa = PBXBuildFile; fileRef = 57C804821C16C34E00AF1544 /* HomeworkContentCell.xib */; };
		57C804871C16CD2C00AF1544 /* PublishHomeworkHeaderView.m in Sources */ = {isa = PBXBuildFile; fileRef = 57C804861C16CD2C00AF1544 /* PublishHomeworkHeaderView.m */; };
		57C8048F1C17C63000AF1544 /* HomeworkDeleteButton.m in Sources */ = {isa = PBXBuildFile; fileRef = 57C8048E1C17C63000AF1544 /* HomeworkDeleteButton.m */; };
		57C804B51C180B8600AF1544 /* CheckAttachmentContainerView.m in Sources */ = {isa = PBXBuildFile; fileRef = 57C804B41C180B8600AF1544 /* CheckAttachmentContainerView.m */; };
		57C804B81C181E0800AF1544 /* AttachmentInfoModel.m in Sources */ = {isa = PBXBuildFile; fileRef = 57C804B71C181E0800AF1544 /* AttachmentInfoModel.m */; };
		57C804BB1C18252F00AF1544 /* Attachment.m in Sources */ = {isa = PBXBuildFile; fileRef = 57C804BA1C18252F00AF1544 /* Attachment.m */; };
/* End PBXBuildFile section */

/* Begin PBXFileReference section */
		474AC06B14A3B6419A99FCFB /* Pods.debug.xcconfig */ = {isa = PBXFileReference; includeInIndex = 1; lastKnownFileType = text.xcconfig; name = Pods.debug.xcconfig; path = "Pods/Target Support Files/Pods/Pods.debug.xcconfig"; sourceTree = "<group>"; };
		5710CA6B1C1FAD7700D9E652 /* BrowsePictureViewController.h */ = {isa = PBXFileReference; fileEncoding = 4; lastKnownFileType = sourcecode.c.h; path = BrowsePictureViewController.h; sourceTree = "<group>"; };
		5710CA6C1C1FAD7700D9E652 /* BrowsePictureViewController.m */ = {isa = PBXFileReference; fileEncoding = 4; lastKnownFileType = sourcecode.c.objc; path = BrowsePictureViewController.m; sourceTree = "<group>"; };
		5710CA6D1C1FAD7700D9E652 /* PictureCell.h */ = {isa = PBXFileReference; fileEncoding = 4; lastKnownFileType = sourcecode.c.h; path = PictureCell.h; sourceTree = "<group>"; };
		5710CA6E1C1FAD7700D9E652 /* PictureCell.m */ = {isa = PBXFileReference; fileEncoding = 4; lastKnownFileType = sourcecode.c.objc; path = PictureCell.m; sourceTree = "<group>"; };
		5710CA711C1FADC500D9E652 /* ClassManageDataSource.h */ = {isa = PBXFileReference; fileEncoding = 4; lastKnownFileType = sourcecode.c.h; path = ClassManageDataSource.h; sourceTree = "<group>"; };
		5710CA721C1FADC500D9E652 /* ClassManageDataSource.m */ = {isa = PBXFileReference; fileEncoding = 4; lastKnownFileType = sourcecode.c.objc; path = ClassManageDataSource.m; sourceTree = "<group>"; };
		5710CA751C1FADC500D9E652 /* ClassManageStudentViewController.h */ = {isa = PBXFileReference; fileEncoding = 4; lastKnownFileType = sourcecode.c.h; path = ClassManageStudentViewController.h; sourceTree = "<group>"; };
		5710CA761C1FADC500D9E652 /* ClassManageStudentViewController.m */ = {isa = PBXFileReference; fileEncoding = 4; lastKnownFileType = sourcecode.c.objc; path = ClassManageStudentViewController.m; sourceTree = "<group>"; };
		5710CA771C1FADC500D9E652 /* ClassManageTeacherViewController.h */ = {isa = PBXFileReference; fileEncoding = 4; lastKnownFileType = sourcecode.c.h; path = ClassManageTeacherViewController.h; sourceTree = "<group>"; };
		5710CA781C1FADC500D9E652 /* ClassManageTeacherViewController.m */ = {isa = PBXFileReference; fileEncoding = 4; lastKnownFileType = sourcecode.c.objc; path = ClassManageTeacherViewController.m; sourceTree = "<group>"; };
		5710CA791C1FADC500D9E652 /* ClassManageTeacherViewController.xib */ = {isa = PBXFileReference; fileEncoding = 4; lastKnownFileType = file.xib; path = ClassManageTeacherViewController.xib; sourceTree = "<group>"; };
		5710CA7A1C1FADC500D9E652 /* ClassManageViewController.h */ = {isa = PBXFileReference; fileEncoding = 4; lastKnownFileType = sourcecode.c.h; path = ClassManageViewController.h; sourceTree = "<group>"; };
		5710CA7B1C1FADC500D9E652 /* ClassManageViewController.m */ = {isa = PBXFileReference; fileEncoding = 4; lastKnownFileType = sourcecode.c.objc; path = ClassManageViewController.m; sourceTree = "<group>"; };
		5710CA7C1C1FADC500D9E652 /* ModifyClassInfoViewController.h */ = {isa = PBXFileReference; fileEncoding = 4; lastKnownFileType = sourcecode.c.h; path = ModifyClassInfoViewController.h; sourceTree = "<group>"; };
		5710CA7D1C1FADC500D9E652 /* ModifyClassInfoViewController.m */ = {isa = PBXFileReference; fileEncoding = 4; lastKnownFileType = sourcecode.c.objc; path = ModifyClassInfoViewController.m; sourceTree = "<group>"; };
		5710CA7E1C1FADC500D9E652 /* ModifyClassInfoViewController.xib */ = {isa = PBXFileReference; fileEncoding = 4; lastKnownFileType = file.xib; path = ModifyClassInfoViewController.xib; sourceTree = "<group>"; };
		5710CA971C1FAE1A00D9E652 /* StudentManageCell.h */ = {isa = PBXFileReference; fileEncoding = 4; lastKnownFileType = sourcecode.c.h; path = StudentManageCell.h; sourceTree = "<group>"; };
		5710CA981C1FAE1A00D9E652 /* StudentManageCell.m */ = {isa = PBXFileReference; fileEncoding = 4; lastKnownFileType = sourcecode.c.objc; path = StudentManageCell.m; sourceTree = "<group>"; };
		5710CA991C1FAE1A00D9E652 /* StudentManageCell.xib */ = {isa = PBXFileReference; fileEncoding = 4; lastKnownFileType = file.xib; path = StudentManageCell.xib; sourceTree = "<group>"; };
		5710CA9C1C1FB0A400D9E652 /* ClassManageCell.h */ = {isa = PBXFileReference; fileEncoding = 4; lastKnownFileType = sourcecode.c.h; path = ClassManageCell.h; sourceTree = "<group>"; };
		5710CA9D1C1FB0A400D9E652 /* ClassManageCell.m */ = {isa = PBXFileReference; fileEncoding = 4; lastKnownFileType = sourcecode.c.objc; path = ClassManageCell.m; sourceTree = "<group>"; };
		5710CA9E1C1FB0A400D9E652 /* ClassManageCell.xib */ = {isa = PBXFileReference; fileEncoding = 4; lastKnownFileType = file.xib; path = ClassManageCell.xib; sourceTree = "<group>"; };
		5710CAA11C1FB0AC00D9E652 /* ClassManageSubCell.h */ = {isa = PBXFileReference; fileEncoding = 4; lastKnownFileType = sourcecode.c.h; path = ClassManageSubCell.h; sourceTree = "<group>"; };
		5710CAA21C1FB0AC00D9E652 /* ClassManageSubCell.m */ = {isa = PBXFileReference; fileEncoding = 4; lastKnownFileType = sourcecode.c.objc; path = ClassManageSubCell.m; sourceTree = "<group>"; };
		5710CAA31C1FB0AC00D9E652 /* ClassManageSubCell.xib */ = {isa = PBXFileReference; fileEncoding = 4; lastKnownFileType = file.xib; path = ClassManageSubCell.xib; sourceTree = "<group>"; };
		5710CAA61C1FB0B700D9E652 /* ClassManageSelectSubjectView.h */ = {isa = PBXFileReference; fileEncoding = 4; lastKnownFileType = sourcecode.c.h; path = ClassManageSelectSubjectView.h; sourceTree = "<group>"; };
		5710CAA71C1FB0B700D9E652 /* ClassManageSelectSubjectView.m */ = {isa = PBXFileReference; fileEncoding = 4; lastKnownFileType = sourcecode.c.objc; path = ClassManageSelectSubjectView.m; sourceTree = "<group>"; };
		571FC4F61C07F30C009F1F0E /* TodayHomework.app */ = {isa = PBXFileReference; explicitFileType = wrapper.application; includeInIndex = 0; path = TodayHomework.app; sourceTree = BUILT_PRODUCTS_DIR; };
		571FC4FA1C07F30C009F1F0E /* main.m */ = {isa = PBXFileReference; lastKnownFileType = sourcecode.c.objc; path = main.m; sourceTree = "<group>"; };
		571FC5051C07F30C009F1F0E /* Assets.xcassets */ = {isa = PBXFileReference; lastKnownFileType = folder.assetcatalog; path = Assets.xcassets; sourceTree = "<group>"; };
		571FC5101C07F334009F1F0E /* PrefixHeader.pch */ = {isa = PBXFileReference; fileEncoding = 4; lastKnownFileType = sourcecode.c.h; path = PrefixHeader.pch; sourceTree = "<group>"; };
		571FC5121C07F456009F1F0E /* AppDelegate.h */ = {isa = PBXFileReference; fileEncoding = 4; lastKnownFileType = sourcecode.c.h; path = AppDelegate.h; sourceTree = "<group>"; };
		571FC5131C07F456009F1F0E /* AppDelegate.m */ = {isa = PBXFileReference; fileEncoding = 4; lastKnownFileType = sourcecode.c.objc; path = AppDelegate.m; sourceTree = "<group>"; };
		571FC5541C0810DB009F1F0E /* Constants.h */ = {isa = PBXFileReference; fileEncoding = 4; lastKnownFileType = sourcecode.c.h; path = Constants.h; sourceTree = "<group>"; };
		571FC5631C081804009F1F0E /* AppUtils.h */ = {isa = PBXFileReference; fileEncoding = 4; lastKnownFileType = sourcecode.c.h; path = AppUtils.h; sourceTree = "<group>"; };
		571FC5641C081804009F1F0E /* AppUtils.m */ = {isa = PBXFileReference; fileEncoding = 4; lastKnownFileType = sourcecode.c.objc; path = AppUtils.m; sourceTree = "<group>"; };
		571FC56F1C082A30009F1F0E /* UIView+Frame.h */ = {isa = PBXFileReference; fileEncoding = 4; lastKnownFileType = sourcecode.c.h; path = "UIView+Frame.h"; sourceTree = "<group>"; };
		571FC5701C082A30009F1F0E /* UIView+Frame.m */ = {isa = PBXFileReference; fileEncoding = 4; lastKnownFileType = sourcecode.c.objc; path = "UIView+Frame.m"; sourceTree = "<group>"; };
		5737C2FC1C116F5B003F3EDF /* PersonalCenterTableDataSource.h */ = {isa = PBXFileReference; fileEncoding = 4; lastKnownFileType = sourcecode.c.h; path = PersonalCenterTableDataSource.h; sourceTree = "<group>"; };
		5737C2FD1C116F5B003F3EDF /* PersonalCenterTableDataSource.m */ = {isa = PBXFileReference; fileEncoding = 4; lastKnownFileType = sourcecode.c.objc; path = PersonalCenterTableDataSource.m; sourceTree = "<group>"; };
		5737C2FF1C11734A003F3EDF /* HomeTableDataSource.h */ = {isa = PBXFileReference; fileEncoding = 4; lastKnownFileType = sourcecode.c.h; path = HomeTableDataSource.h; sourceTree = "<group>"; };
		5737C3001C11734A003F3EDF /* HomeTableDataSource.m */ = {isa = PBXFileReference; fileEncoding = 4; lastKnownFileType = sourcecode.c.objc; path = HomeTableDataSource.m; sourceTree = "<group>"; };
		5737C3021C1176D1003F3EDF /* HomeCell.h */ = {isa = PBXFileReference; fileEncoding = 4; lastKnownFileType = sourcecode.c.h; path = HomeCell.h; sourceTree = "<group>"; };
		5737C3031C1176D1003F3EDF /* HomeCell.m */ = {isa = PBXFileReference; fileEncoding = 4; lastKnownFileType = sourcecode.c.objc; path = HomeCell.m; sourceTree = "<group>"; };
		5737C3041C1176D1003F3EDF /* HomeCell.xib */ = {isa = PBXFileReference; fileEncoding = 4; lastKnownFileType = file.xib; path = HomeCell.xib; sourceTree = "<group>"; };
		5737C3081C117E60003F3EDF /* HomeworkHandle.h */ = {isa = PBXFileReference; fileEncoding = 4; lastKnownFileType = sourcecode.c.h; path = HomeworkHandle.h; sourceTree = "<group>"; };
		5737C3091C117E60003F3EDF /* HomeworkHandle.m */ = {isa = PBXFileReference; fileEncoding = 4; lastKnownFileType = sourcecode.c.objc; path = HomeworkHandle.m; sourceTree = "<group>"; };
		57452A0F1C1725BC00521F7F /* NSString+Gen_uuid.h */ = {isa = PBXFileReference; fileEncoding = 4; lastKnownFileType = sourcecode.c.h; path = "NSString+Gen_uuid.h"; sourceTree = "<group>"; };
		57452A101C1725BC00521F7F /* NSString+Gen_uuid.m */ = {isa = PBXFileReference; fileEncoding = 4; lastKnownFileType = sourcecode.c.objc; path = "NSString+Gen_uuid.m"; sourceTree = "<group>"; };
		575C932D1C101B690079984F /* WUHttpClient.h */ = {isa = PBXFileReference; fileEncoding = 4; lastKnownFileType = sourcecode.c.h; path = WUHttpClient.h; sourceTree = "<group>"; };
		575C932E1C101B690079984F /* WUHttpClient.m */ = {isa = PBXFileReference; fileEncoding = 4; lastKnownFileType = sourcecode.c.objc; path = WUHttpClient.m; sourceTree = "<group>"; };
		575C93311C101E2A0079984F /* UserInfoHandle.h */ = {isa = PBXFileReference; fileEncoding = 4; lastKnownFileType = sourcecode.c.h; path = UserInfoHandle.h; sourceTree = "<group>"; };
		575C93321C101E2A0079984F /* UserInfoHandle.m */ = {isa = PBXFileReference; fileEncoding = 4; lastKnownFileType = sourcecode.c.objc; path = UserInfoHandle.m; sourceTree = "<group>"; };
		575C93341C1020550079984F /* THAPI.h */ = {isa = PBXFileReference; fileEncoding = 4; lastKnownFileType = sourcecode.c.h; path = THAPI.h; sourceTree = "<group>"; };
		575C93351C1021740079984F /* BaseHandle.h */ = {isa = PBXFileReference; fileEncoding = 4; lastKnownFileType = sourcecode.c.h; path = BaseHandle.h; sourceTree = "<group>"; };
		575C93361C1021740079984F /* BaseHandle.m */ = {isa = PBXFileReference; fileEncoding = 4; lastKnownFileType = sourcecode.c.objc; path = BaseHandle.m; sourceTree = "<group>"; };
		575C93381C102A4E0079984F /* BaseModel.h */ = {isa = PBXFileReference; fileEncoding = 4; lastKnownFileType = sourcecode.c.h; path = BaseModel.h; sourceTree = "<group>"; };
		575C93391C102A4E0079984F /* BaseModel.m */ = {isa = PBXFileReference; fileEncoding = 4; lastKnownFileType = sourcecode.c.objc; path = BaseModel.m; sourceTree = "<group>"; };
		575C933B1C102A650079984F /* UserInfoModel.h */ = {isa = PBXFileReference; fileEncoding = 4; lastKnownFileType = sourcecode.c.h; path = UserInfoModel.h; sourceTree = "<group>"; };
		575C933C1C102A650079984F /* UserInfoModel.m */ = {isa = PBXFileReference; fileEncoding = 4; lastKnownFileType = sourcecode.c.objc; path = UserInfoModel.m; sourceTree = "<group>"; };
		575C933E1C102AA40079984F /* SchoolInfoModel.h */ = {isa = PBXFileReference; fileEncoding = 4; lastKnownFileType = sourcecode.c.h; path = SchoolInfoModel.h; sourceTree = "<group>"; };
		575C933F1C102AA40079984F /* SchoolInfoModel.m */ = {isa = PBXFileReference; fileEncoding = 4; lastKnownFileType = sourcecode.c.objc; path = SchoolInfoModel.m; sourceTree = "<group>"; };
		575C93411C102DF90079984F /* ParamInfoModel.h */ = {isa = PBXFileReference; fileEncoding = 4; lastKnownFileType = sourcecode.c.h; path = ParamInfoModel.h; sourceTree = "<group>"; };
		575C93421C102DF90079984F /* ParamInfoModel.m */ = {isa = PBXFileReference; fileEncoding = 4; lastKnownFileType = sourcecode.c.objc; path = ParamInfoModel.m; sourceTree = "<group>"; };
		575C93441C10382E0079984F /* UserInfoTool.h */ = {isa = PBXFileReference; fileEncoding = 4; lastKnownFileType = sourcecode.c.h; path = UserInfoTool.h; sourceTree = "<group>"; };
		575C93451C10382E0079984F /* UserInfoTool.m */ = {isa = PBXFileReference; fileEncoding = 4; lastKnownFileType = sourcecode.c.objc; path = UserInfoTool.m; sourceTree = "<group>"; };
		575C934C1C1042700079984F /* PersonalCenterItemCell.h */ = {isa = PBXFileReference; fileEncoding = 4; lastKnownFileType = sourcecode.c.h; path = PersonalCenterItemCell.h; sourceTree = "<group>"; };
		575C934D1C1042700079984F /* PersonalCenterItemCell.m */ = {isa = PBXFileReference; fileEncoding = 4; lastKnownFileType = sourcecode.c.objc; path = PersonalCenterItemCell.m; sourceTree = "<group>"; };
		575C934E1C1042700079984F /* PersonalCenterItemCell.xib */ = {isa = PBXFileReference; fileEncoding = 4; lastKnownFileType = file.xib; path = PersonalCenterItemCell.xib; sourceTree = "<group>"; };
		575C93511C1044130079984F /* PersonalCenterSubItemCell.h */ = {isa = PBXFileReference; fileEncoding = 4; lastKnownFileType = sourcecode.c.h; path = PersonalCenterSubItemCell.h; sourceTree = "<group>"; };
		575C93521C1044130079984F /* PersonalCenterSubItemCell.m */ = {isa = PBXFileReference; fileEncoding = 4; lastKnownFileType = sourcecode.c.objc; path = PersonalCenterSubItemCell.m; sourceTree = "<group>"; };
		575C93531C1044130079984F /* PersonalCenterSubItemCell.xib */ = {isa = PBXFileReference; fileEncoding = 4; lastKnownFileType = file.xib; path = PersonalCenterSubItemCell.xib; sourceTree = "<group>"; };
		575C93561C1045D20079984F /* HeaderIconCell.h */ = {isa = PBXFileReference; fileEncoding = 4; lastKnownFileType = sourcecode.c.h; path = HeaderIconCell.h; sourceTree = "<group>"; };
		575C93571C1045D20079984F /* HeaderIconCell.m */ = {isa = PBXFileReference; fileEncoding = 4; lastKnownFileType = sourcecode.c.objc; path = HeaderIconCell.m; sourceTree = "<group>"; };
		575C93581C1045D20079984F /* HeaderIconCell.xib */ = {isa = PBXFileReference; fileEncoding = 4; lastKnownFileType = file.xib; path = HeaderIconCell.xib; sourceTree = "<group>"; };
		576192801C204BA700179A35 /* WUPopView.h */ = {isa = PBXFileReference; fileEncoding = 4; lastKnownFileType = sourcecode.c.h; path = WUPopView.h; sourceTree = "<group>"; };
		576192811C204BA700179A35 /* WUPopView.m */ = {isa = PBXFileReference; fileEncoding = 4; lastKnownFileType = sourcecode.c.objc; path = WUPopView.m; sourceTree = "<group>"; };
		576192831C204D4100179A35 /* WUPopViewDataSource.h */ = {isa = PBXFileReference; fileEncoding = 4; lastKnownFileType = sourcecode.c.h; path = WUPopViewDataSource.h; sourceTree = "<group>"; };
		576192841C204D4100179A35 /* WUPopViewDataSource.m */ = {isa = PBXFileReference; fileEncoding = 4; lastKnownFileType = sourcecode.c.objc; path = WUPopViewDataSource.m; sourceTree = "<group>"; };
		57830E5D1C0DD72A006B5263 /* UserTool.h */ = {isa = PBXFileReference; fileEncoding = 4; lastKnownFileType = sourcecode.c.h; path = UserTool.h; sourceTree = "<group>"; };
		57830E5E1C0DD72A006B5263 /* UserTool.m */ = {isa = PBXFileReference; fileEncoding = 4; lastKnownFileType = sourcecode.c.objc; path = UserTool.m; sourceTree = "<group>"; };
		57830E7B1C0DDDE8006B5263 /* AddClassCell.h */ = {isa = PBXFileReference; fileEncoding = 4; lastKnownFileType = sourcecode.c.h; path = AddClassCell.h; sourceTree = "<group>"; };
		57830E7C1C0DDDE8006B5263 /* AddClassCell.m */ = {isa = PBXFileReference; fileEncoding = 4; lastKnownFileType = sourcecode.c.objc; path = AddClassCell.m; sourceTree = "<group>"; };
		57830E7D1C0DDDE8006B5263 /* AddClassCell.xib */ = {isa = PBXFileReference; fileEncoding = 4; lastKnownFileType = file.xib; path = AddClassCell.xib; sourceTree = "<group>"; };
		57830E7E1C0DDDE8006B5263 /* OtherClassCell.h */ = {isa = PBXFileReference; fileEncoding = 4; lastKnownFileType = sourcecode.c.h; path = OtherClassCell.h; sourceTree = "<group>"; };
		57830E7F1C0DDDE8006B5263 /* OtherClassCell.m */ = {isa = PBXFileReference; fileEncoding = 4; lastKnownFileType = sourcecode.c.objc; path = OtherClassCell.m; sourceTree = "<group>"; };
		57830E801C0DDDE8006B5263 /* OtherClassCell.xib */ = {isa = PBXFileReference; fileEncoding = 4; lastKnownFileType = file.xib; path = OtherClassCell.xib; sourceTree = "<group>"; };
		57830E831C0DDDE8006B5263 /* SelectSchoolHeaderView.h */ = {isa = PBXFileReference; fileEncoding = 4; lastKnownFileType = sourcecode.c.h; path = SelectSchoolHeaderView.h; sourceTree = "<group>"; };
		57830E841C0DDDE8006B5263 /* SelectSchoolHeaderView.m */ = {isa = PBXFileReference; fileEncoding = 4; lastKnownFileType = sourcecode.c.objc; path = SelectSchoolHeaderView.m; sourceTree = "<group>"; };
		57830E851C0DDDE8006B5263 /* SelectSchoolHeaderView.xib */ = {isa = PBXFileReference; fileEncoding = 4; lastKnownFileType = file.xib; path = SelectSchoolHeaderView.xib; sourceTree = "<group>"; };
		57830E911C0DDE59006B5263 /* LoginViewController.h */ = {isa = PBXFileReference; fileEncoding = 4; lastKnownFileType = sourcecode.c.h; path = LoginViewController.h; sourceTree = "<group>"; };
		57830E921C0DDE59006B5263 /* LoginViewController.m */ = {isa = PBXFileReference; fileEncoding = 4; lastKnownFileType = sourcecode.c.objc; path = LoginViewController.m; sourceTree = "<group>"; };
		57830E931C0DDE59006B5263 /* LoginViewController.xib */ = {isa = PBXFileReference; fileEncoding = 4; lastKnownFileType = file.xib; path = LoginViewController.xib; sourceTree = "<group>"; };
		57830E941C0DDE59006B5263 /* SelectSchoolViewController.h */ = {isa = PBXFileReference; fileEncoding = 4; lastKnownFileType = sourcecode.c.h; path = SelectSchoolViewController.h; sourceTree = "<group>"; };
		57830E951C0DDE59006B5263 /* SelectSchoolViewController.m */ = {isa = PBXFileReference; fileEncoding = 4; lastKnownFileType = sourcecode.c.objc; path = SelectSchoolViewController.m; sourceTree = "<group>"; };
		57830E961C0DDE59006B5263 /* TeacherRegisterViewController.h */ = {isa = PBXFileReference; fileEncoding = 4; lastKnownFileType = sourcecode.c.h; path = TeacherRegisterViewController.h; sourceTree = "<group>"; };
		57830E971C0DDE59006B5263 /* TeacherRegisterViewController.m */ = {isa = PBXFileReference; fileEncoding = 4; lastKnownFileType = sourcecode.c.objc; path = TeacherRegisterViewController.m; sourceTree = "<group>"; };
		57830E981C0DDE59006B5263 /* TeacherRegisterViewController.xib */ = {isa = PBXFileReference; fileEncoding = 4; lastKnownFileType = file.xib; path = TeacherRegisterViewController.xib; sourceTree = "<group>"; };
		57830EA51C0DDECE006B5263 /* BaseViewController.h */ = {isa = PBXFileReference; fileEncoding = 4; lastKnownFileType = sourcecode.c.h; path = BaseViewController.h; sourceTree = "<group>"; };
		57830EA61C0DDECE006B5263 /* BaseViewController.m */ = {isa = PBXFileReference; fileEncoding = 4; lastKnownFileType = sourcecode.c.objc; path = BaseViewController.m; sourceTree = "<group>"; };
		57830EA81C0DDEEF006B5263 /* PersonalCenterViewController.h */ = {isa = PBXFileReference; fileEncoding = 4; lastKnownFileType = sourcecode.c.h; path = PersonalCenterViewController.h; sourceTree = "<group>"; };
		57830EA91C0DDEEF006B5263 /* PersonalCenterViewController.m */ = {isa = PBXFileReference; fileEncoding = 4; lastKnownFileType = sourcecode.c.objc; path = PersonalCenterViewController.m; sourceTree = "<group>"; };
		57830EAD1C0DDF0F006B5263 /* HomeViewController.h */ = {isa = PBXFileReference; fileEncoding = 4; lastKnownFileType = sourcecode.c.h; path = HomeViewController.h; sourceTree = "<group>"; };
		57830EAE1C0DDF0F006B5263 /* HomeViewController.m */ = {isa = PBXFileReference; fileEncoding = 4; lastKnownFileType = sourcecode.c.objc; path = HomeViewController.m; sourceTree = "<group>"; };
		57830EB01C0DDF0F006B5263 /* PublishHomeworkViewController.h */ = {isa = PBXFileReference; fileEncoding = 4; lastKnownFileType = sourcecode.c.h; path = PublishHomeworkViewController.h; sourceTree = "<group>"; };
		57830EB11C0DDF0F006B5263 /* PublishHomeworkViewController.m */ = {isa = PBXFileReference; fileEncoding = 4; lastKnownFileType = sourcecode.c.objc; path = PublishHomeworkViewController.m; sourceTree = "<group>"; };
		57830EB71C0DDF23006B5263 /* AddClassViewController.h */ = {isa = PBXFileReference; fileEncoding = 4; lastKnownFileType = sourcecode.c.h; path = AddClassViewController.h; sourceTree = "<group>"; };
		57830EB81C0DDF23006B5263 /* AddClassViewController.m */ = {isa = PBXFileReference; fileEncoding = 4; lastKnownFileType = sourcecode.c.objc; path = AddClassViewController.m; sourceTree = "<group>"; };
		57830EBF1C0DDFB9006B5263 /* SelectSchoolButton.h */ = {isa = PBXFileReference; fileEncoding = 4; lastKnownFileType = sourcecode.c.h; path = SelectSchoolButton.h; sourceTree = "<group>"; };
		57830EC01C0DDFB9006B5263 /* SelectSchoolButton.m */ = {isa = PBXFileReference; fileEncoding = 4; lastKnownFileType = sourcecode.c.objc; path = SelectSchoolButton.m; sourceTree = "<group>"; };
		57830EC21C0DDFE3006B5263 /* THLoginTextField.h */ = {isa = PBXFileReference; fileEncoding = 4; lastKnownFileType = sourcecode.c.h; path = THLoginTextField.h; sourceTree = "<group>"; };
		57830EC31C0DDFE3006B5263 /* THLoginTextField.m */ = {isa = PBXFileReference; fileEncoding = 4; lastKnownFileType = sourcecode.c.objc; path = THLoginTextField.m; sourceTree = "<group>"; };
		57830EC41C0DDFE3006B5263 /* THSubmitButton.h */ = {isa = PBXFileReference; fileEncoding = 4; lastKnownFileType = sourcecode.c.h; path = THSubmitButton.h; sourceTree = "<group>"; };
		57830EC51C0DDFE3006B5263 /* THSubmitButton.m */ = {isa = PBXFileReference; fileEncoding = 4; lastKnownFileType = sourcecode.c.objc; path = THSubmitButton.m; sourceTree = "<group>"; };
		57830EC61C0DDFE3006B5263 /* THTextField.h */ = {isa = PBXFileReference; fileEncoding = 4; lastKnownFileType = sourcecode.c.h; path = THTextField.h; sourceTree = "<group>"; };
		57830EC71C0DDFE3006B5263 /* THTextField.m */ = {isa = PBXFileReference; fileEncoding = 4; lastKnownFileType = sourcecode.c.objc; path = THTextField.m; sourceTree = "<group>"; };
		57830EDB1C0DE038006B5263 /* THNavigationController.h */ = {isa = PBXFileReference; fileEncoding = 4; lastKnownFileType = sourcecode.c.h; name = THNavigationController.h; path = "其他/THNavigationController.h"; sourceTree = "<group>"; };
		57830EDC1C0DE038006B5263 /* THNavigationController.m */ = {isa = PBXFileReference; fileEncoding = 4; lastKnownFileType = sourcecode.c.objc; name = THNavigationController.m; path = "其他/THNavigationController.m"; sourceTree = "<group>"; };
		57830EDD1C0DE038006B5263 /* THTabBarController.h */ = {isa = PBXFileReference; fileEncoding = 4; lastKnownFileType = sourcecode.c.h; name = THTabBarController.h; path = "其他/THTabBarController.h"; sourceTree = "<group>"; };
		57830EDE1C0DE038006B5263 /* THTabBarController.m */ = {isa = PBXFileReference; fileEncoding = 4; lastKnownFileType = sourcecode.c.objc; name = THTabBarController.m; path = "其他/THTabBarController.m"; sourceTree = "<group>"; };
		57830EE11C0DE0F9006B5263 /* HomeworkHeaderView.xib */ = {isa = PBXFileReference; fileEncoding = 4; lastKnownFileType = file.xib; path = HomeworkHeaderView.xib; sourceTree = "<group>"; };
		57830EE31C0DE108006B5263 /* HomeworkHeaderView.h */ = {isa = PBXFileReference; fileEncoding = 4; lastKnownFileType = sourcecode.c.h; path = HomeworkHeaderView.h; sourceTree = "<group>"; };
		57830EE41C0DE108006B5263 /* HomeworkHeaderView.m */ = {isa = PBXFileReference; fileEncoding = 4; lastKnownFileType = sourcecode.c.objc; path = HomeworkHeaderView.m; sourceTree = "<group>"; };
		57830EF31C0DE7D8006B5263 /* chexbox_checked@2x.png */ = {isa = PBXFileReference; lastKnownFileType = image.png; path = "chexbox_checked@2x.png"; sourceTree = "<group>"; };
		57830EF41C0DE7D8006B5263 /* chexbox_normal@2x.png */ = {isa = PBXFileReference; lastKnownFileType = image.png; path = "chexbox_normal@2x.png"; sourceTree = "<group>"; };
		57830EF51C0DE7D8006B5263 /* radio_checked@2x.png */ = {isa = PBXFileReference; lastKnownFileType = image.png; path = "radio_checked@2x.png"; sourceTree = "<group>"; };
		57830EF61C0DE7D8006B5263 /* radio_normal@2x.png */ = {isa = PBXFileReference; lastKnownFileType = image.png; path = "radio_normal@2x.png"; sourceTree = "<group>"; };
		57830EF71C0DE7D8006B5263 /* WUButton.h */ = {isa = PBXFileReference; fileEncoding = 4; lastKnownFileType = sourcecode.c.h; path = WUButton.h; sourceTree = "<group>"; };
		57830EF81C0DE7D8006B5263 /* WUButton.m */ = {isa = PBXFileReference; fileEncoding = 4; lastKnownFileType = sourcecode.c.objc; path = WUButton.m; sourceTree = "<group>"; };
		57830EF91C0DE7D8006B5263 /* WUButtonContainrView.h */ = {isa = PBXFileReference; fileEncoding = 4; lastKnownFileType = sourcecode.c.h; path = WUButtonContainrView.h; sourceTree = "<group>"; };
		57830EFA1C0DE7D8006B5263 /* WUButtonContainrView.m */ = {isa = PBXFileReference; fileEncoding = 4; lastKnownFileType = sourcecode.c.objc; path = WUButtonContainrView.m; sourceTree = "<group>"; };
		57A3ED1D1C224FCA0077C95D /* Info.plist */ = {isa = PBXFileReference; fileEncoding = 4; lastKnownFileType = text.plist.xml; path = Info.plist; sourceTree = "<group>"; };
		57C804251C15571500AF1544 /* HomeworkManageViewController.h */ = {isa = PBXFileReference; fileEncoding = 4; lastKnownFileType = sourcecode.c.h; path = HomeworkManageViewController.h; sourceTree = "<group>"; };
		57C804261C15571500AF1544 /* HomeworkManageViewController.m */ = {isa = PBXFileReference; fileEncoding = 4; lastKnownFileType = sourcecode.c.objc; path = HomeworkManageViewController.m; sourceTree = "<group>"; };
		57C804281C15608700AF1544 /* HomeworkDetailViewController.h */ = {isa = PBXFileReference; fileEncoding = 4; lastKnownFileType = sourcecode.c.h; path = HomeworkDetailViewController.h; sourceTree = "<group>"; };
		57C804291C15608700AF1544 /* HomeworkDetailViewController.m */ = {isa = PBXFileReference; fileEncoding = 4; lastKnownFileType = sourcecode.c.objc; path = HomeworkDetailViewController.m; sourceTree = "<group>"; };
		57C8042A1C15608700AF1544 /* HomeworkDetailViewController.xib */ = {isa = PBXFileReference; fileEncoding = 4; lastKnownFileType = file.xib; path = HomeworkDetailViewController.xib; sourceTree = "<group>"; };
		57C8042D1C1561C700AF1544 /* CheckSituationViewController.h */ = {isa = PBXFileReference; fileEncoding = 4; lastKnownFileType = sourcecode.c.h; path = CheckSituationViewController.h; sourceTree = "<group>"; };
		57C8042E1C1561C700AF1544 /* CheckSituationViewController.m */ = {isa = PBXFileReference; fileEncoding = 4; lastKnownFileType = sourcecode.c.objc; path = CheckSituationViewController.m; sourceTree = "<group>"; };
		57C8042F1C1561C700AF1544 /* CheckSituationViewController.xib */ = {isa = PBXFileReference; fileEncoding = 4; lastKnownFileType = file.xib; path = CheckSituationViewController.xib; sourceTree = "<group>"; };
		57C804321C1561FF00AF1544 /* ModifyHomeworkViewController.h */ = {isa = PBXFileReference; fileEncoding = 4; lastKnownFileType = sourcecode.c.h; path = ModifyHomeworkViewController.h; sourceTree = "<group>"; };
		57C804331C1561FF00AF1544 /* ModifyHomeworkViewController.m */ = {isa = PBXFileReference; fileEncoding = 4; lastKnownFileType = sourcecode.c.objc; path = ModifyHomeworkViewController.m; sourceTree = "<group>"; };
		57C804341C1561FF00AF1544 /* ModifyHomeworkViewController.xib */ = {isa = PBXFileReference; fileEncoding = 4; lastKnownFileType = file.xib; path = ModifyHomeworkViewController.xib; sourceTree = "<group>"; };
		57C804451C1568D700AF1544 /* ClassesInfoModel.h */ = {isa = PBXFileReference; fileEncoding = 4; lastKnownFileType = sourcecode.c.h; path = ClassesInfoModel.h; sourceTree = "<group>"; };
		57C804461C1568D700AF1544 /* ClassesInfoModel.m */ = {isa = PBXFileReference; fileEncoding = 4; lastKnownFileType = sourcecode.c.objc; path = ClassesInfoModel.m; sourceTree = "<group>"; };
		57C804471C1568D700AF1544 /* HomeworkModel.h */ = {isa = PBXFileReference; fileEncoding = 4; lastKnownFileType = sourcecode.c.h; path = HomeworkModel.h; sourceTree = "<group>"; };
		57C804481C1568D700AF1544 /* HomeworkModel.m */ = {isa = PBXFileReference; fileEncoding = 4; lastKnownFileType = sourcecode.c.objc; path = HomeworkModel.m; sourceTree = "<group>"; };
		57C804491C1568D700AF1544 /* HomeworkStatusModel.h */ = {isa = PBXFileReference; fileEncoding = 4; lastKnownFileType = sourcecode.c.h; path = HomeworkStatusModel.h; sourceTree = "<group>"; };
		57C8044A1C1568D700AF1544 /* HomeworkStatusModel.m */ = {isa = PBXFileReference; fileEncoding = 4; lastKnownFileType = sourcecode.c.objc; path = HomeworkStatusModel.m; sourceTree = "<group>"; };
		57C804511C156BA000AF1544 /* UploadAnswerViewController.h */ = {isa = PBXFileReference; fileEncoding = 4; lastKnownFileType = sourcecode.c.h; path = UploadAnswerViewController.h; sourceTree = "<group>"; };
		57C804521C156BA000AF1544 /* UploadAnswerViewController.m */ = {isa = PBXFileReference; fileEncoding = 4; lastKnownFileType = sourcecode.c.objc; path = UploadAnswerViewController.m; sourceTree = "<group>"; };
		57C804531C156BA000AF1544 /* UploadAnswerViewController.xib */ = {isa = PBXFileReference; fileEncoding = 4; lastKnownFileType = file.xib; path = UploadAnswerViewController.xib; sourceTree = "<group>"; };
		57C804561C156BBE00AF1544 /* ModifyAnswerViewController.h */ = {isa = PBXFileReference; fileEncoding = 4; lastKnownFileType = sourcecode.c.h; path = ModifyAnswerViewController.h; sourceTree = "<group>"; };
		57C804571C156BBE00AF1544 /* ModifyAnswerViewController.m */ = {isa = PBXFileReference; fileEncoding = 4; lastKnownFileType = sourcecode.c.objc; path = ModifyAnswerViewController.m; sourceTree = "<group>"; };
		57C804581C156BBE00AF1544 /* ModifyAnswerViewController.xib */ = {isa = PBXFileReference; fileEncoding = 4; lastKnownFileType = file.xib; path = ModifyAnswerViewController.xib; sourceTree = "<group>"; };
		57C8045B1C156EC500AF1544 /* TextFieldCell.h */ = {isa = PBXFileReference; fileEncoding = 4; lastKnownFileType = sourcecode.c.h; path = TextFieldCell.h; sourceTree = "<group>"; };
		57C8045C1C156EC500AF1544 /* TextFieldCell.m */ = {isa = PBXFileReference; fileEncoding = 4; lastKnownFileType = sourcecode.c.objc; path = TextFieldCell.m; sourceTree = "<group>"; };
		57C8045D1C156EC500AF1544 /* TextFieldCell.xib */ = {isa = PBXFileReference; fileEncoding = 4; lastKnownFileType = file.xib; path = TextFieldCell.xib; sourceTree = "<group>"; };
		57C804631C15791800AF1544 /* ClassInfoModel.h */ = {isa = PBXFileReference; fileEncoding = 4; lastKnownFileType = sourcecode.c.h; path = ClassInfoModel.h; sourceTree = "<group>"; };
		57C804641C15791800AF1544 /* ClassInfoModel.m */ = {isa = PBXFileReference; fileEncoding = 4; lastKnownFileType = sourcecode.c.objc; path = ClassInfoModel.m; sourceTree = "<group>"; };
		57C804671C166C9E00AF1544 /* CustomInputAccessoryView.h */ = {isa = PBXFileReference; fileEncoding = 4; lastKnownFileType = sourcecode.c.h; path = CustomInputAccessoryView.h; sourceTree = "<group>"; };
		57C804681C166C9E00AF1544 /* CustomInputAccessoryView.m */ = {isa = PBXFileReference; fileEncoding = 4; lastKnownFileType = sourcecode.c.objc; path = CustomInputAccessoryView.m; sourceTree = "<group>"; };
		57C8046B1C1674CF00AF1544 /* AttachmentContainerView.h */ = {isa = PBXFileReference; fileEncoding = 4; lastKnownFileType = sourcecode.c.h; path = AttachmentContainerView.h; sourceTree = "<group>"; };
		57C8046C1C1674CF00AF1544 /* AttachmentContainerView.m */ = {isa = PBXFileReference; fileEncoding = 4; lastKnownFileType = sourcecode.c.objc; path = AttachmentContainerView.m; sourceTree = "<group>"; };
		57C8046D1C1674CF00AF1544 /* AttachmentPhoto.h */ = {isa = PBXFileReference; fileEncoding = 4; lastKnownFileType = sourcecode.c.h; path = AttachmentPhoto.h; sourceTree = "<group>"; };
		57C8046E1C1674CF00AF1544 /* AttachmentPhoto.m */ = {isa = PBXFileReference; fileEncoding = 4; lastKnownFileType = sourcecode.c.objc; path = AttachmentPhoto.m; sourceTree = "<group>"; };
		57C8046F1C1674CF00AF1544 /* icon_delete@2x.png */ = {isa = PBXFileReference; lastKnownFileType = image.png; path = "icon_delete@2x.png"; sourceTree = "<group>"; };
		57C804701C1674CF00AF1544 /* icon_upload_homework@2x.png */ = {isa = PBXFileReference; lastKnownFileType = image.png; path = "icon_upload_homework@2x.png"; sourceTree = "<group>"; };
		57C804751C16758E00AF1544 /* AddAttachmentCell.h */ = {isa = PBXFileReference; fileEncoding = 4; lastKnownFileType = sourcecode.c.h; path = AddAttachmentCell.h; sourceTree = "<group>"; };
		57C804761C16758E00AF1544 /* AddAttachmentCell.m */ = {isa = PBXFileReference; fileEncoding = 4; lastKnownFileType = sourcecode.c.objc; path = AddAttachmentCell.m; sourceTree = "<group>"; };
		57C804771C16758E00AF1544 /* AddAttachmentCell.xib */ = {isa = PBXFileReference; fileEncoding = 4; lastKnownFileType = file.xib; path = AddAttachmentCell.xib; sourceTree = "<group>"; };
		57C804801C16C34E00AF1544 /* HomeworkContentCell.h */ = {isa = PBXFileReference; fileEncoding = 4; lastKnownFileType = sourcecode.c.h; path = HomeworkContentCell.h; sourceTree = "<group>"; };
		57C804811C16C34E00AF1544 /* HomeworkContentCell.m */ = {isa = PBXFileReference; fileEncoding = 4; lastKnownFileType = sourcecode.c.objc; path = HomeworkContentCell.m; sourceTree = "<group>"; };
		57C804821C16C34E00AF1544 /* HomeworkContentCell.xib */ = {isa = PBXFileReference; fileEncoding = 4; lastKnownFileType = file.xib; path = HomeworkContentCell.xib; sourceTree = "<group>"; };
		57C804851C16CD2C00AF1544 /* PublishHomeworkHeaderView.h */ = {isa = PBXFileReference; fileEncoding = 4; lastKnownFileType = sourcecode.c.h; path = PublishHomeworkHeaderView.h; sourceTree = "<group>"; };
		57C804861C16CD2C00AF1544 /* PublishHomeworkHeaderView.m */ = {isa = PBXFileReference; fileEncoding = 4; lastKnownFileType = sourcecode.c.objc; path = PublishHomeworkHeaderView.m; sourceTree = "<group>"; };
		57C8048D1C17C63000AF1544 /* HomeworkDeleteButton.h */ = {isa = PBXFileReference; fileEncoding = 4; lastKnownFileType = sourcecode.c.h; path = HomeworkDeleteButton.h; sourceTree = "<group>"; };
		57C8048E1C17C63000AF1544 /* HomeworkDeleteButton.m */ = {isa = PBXFileReference; fileEncoding = 4; lastKnownFileType = sourcecode.c.objc; path = HomeworkDeleteButton.m; sourceTree = "<group>"; };
		57C804B31C180B8600AF1544 /* CheckAttachmentContainerView.h */ = {isa = PBXFileReference; fileEncoding = 4; lastKnownFileType = sourcecode.c.h; path = CheckAttachmentContainerView.h; sourceTree = "<group>"; };
		57C804B41C180B8600AF1544 /* CheckAttachmentContainerView.m */ = {isa = PBXFileReference; fileEncoding = 4; lastKnownFileType = sourcecode.c.objc; path = CheckAttachmentContainerView.m; sourceTree = "<group>"; };
		57C804B61C181E0800AF1544 /* AttachmentInfoModel.h */ = {isa = PBXFileReference; fileEncoding = 4; lastKnownFileType = sourcecode.c.h; path = AttachmentInfoModel.h; sourceTree = "<group>"; };
		57C804B71C181E0800AF1544 /* AttachmentInfoModel.m */ = {isa = PBXFileReference; fileEncoding = 4; lastKnownFileType = sourcecode.c.objc; path = AttachmentInfoModel.m; sourceTree = "<group>"; };
		57C804B91C18252F00AF1544 /* Attachment.h */ = {isa = PBXFileReference; fileEncoding = 4; lastKnownFileType = sourcecode.c.h; name = Attachment.h; path = "添加附件/Attachment.h"; sourceTree = "<group>"; };
		57C804BA1C18252F00AF1544 /* Attachment.m */ = {isa = PBXFileReference; fileEncoding = 4; lastKnownFileType = sourcecode.c.objc; name = Attachment.m; path = "添加附件/Attachment.m"; sourceTree = "<group>"; };
		7A27961751BEF2DBD147CC55 /* libPods.a */ = {isa = PBXFileReference; explicitFileType = archive.ar; includeInIndex = 0; path = libPods.a; sourceTree = BUILT_PRODUCTS_DIR; };
		7D5B5C49B22473585AECE0BA /* Pods.release.xcconfig */ = {isa = PBXFileReference; includeInIndex = 1; lastKnownFileType = text.xcconfig; name = Pods.release.xcconfig; path = "Pods/Target Support Files/Pods/Pods.release.xcconfig"; sourceTree = "<group>"; };
/* End PBXFileReference section */

/* Begin PBXFrameworksBuildPhase section */
		571FC4F31C07F30C009F1F0E /* Frameworks */ = {
			isa = PBXFrameworksBuildPhase;
			buildActionMask = 2147483647;
			files = (
				1D6050BBFFFDF6F42CAA7FEC /* libPods.a in Frameworks */,
			);
			runOnlyForDeploymentPostprocessing = 0;
		};
/* End PBXFrameworksBuildPhase section */

/* Begin PBXGroup section */
		5710CA961C1FAE1A00D9E652 /* 班级管理 */ = {
			isa = PBXGroup;
			children = (
				5710CA971C1FAE1A00D9E652 /* StudentManageCell.h */,
				5710CA981C1FAE1A00D9E652 /* StudentManageCell.m */,
				5710CA991C1FAE1A00D9E652 /* StudentManageCell.xib */,
				5710CA9C1C1FB0A400D9E652 /* ClassManageCell.h */,
				5710CA9D1C1FB0A400D9E652 /* ClassManageCell.m */,
				5710CA9E1C1FB0A400D9E652 /* ClassManageCell.xib */,
				5710CAA11C1FB0AC00D9E652 /* ClassManageSubCell.h */,
				5710CAA21C1FB0AC00D9E652 /* ClassManageSubCell.m */,
				5710CAA31C1FB0AC00D9E652 /* ClassManageSubCell.xib */,
				5710CAA61C1FB0B700D9E652 /* ClassManageSelectSubjectView.h */,
				5710CAA71C1FB0B700D9E652 /* ClassManageSelectSubjectView.m */,
				5761927F1C204B6100179A35 /* WUPopView */,
			);
			path = "班级管理";
			sourceTree = "<group>";
		};
		571FC4ED1C07F30C009F1F0E = {
			isa = PBXGroup;
			children = (
				571FC4F81C07F30C009F1F0E /* TodayHomework */,
				571FC4F71C07F30C009F1F0E /* Products */,
				6B44C7247B1E1D4E27BE205E /* Pods */,
				E80C1E7B47185337F555C3AC /* Frameworks */,
			);
			sourceTree = "<group>";
		};
		571FC4F71C07F30C009F1F0E /* Products */ = {
			isa = PBXGroup;
			children = (
				571FC4F61C07F30C009F1F0E /* TodayHomework.app */,
			);
			name = Products;
			sourceTree = "<group>";
		};
		571FC4F81C07F30C009F1F0E /* TodayHomework */ = {
			isa = PBXGroup;
			children = (
				571FC5111C07F456009F1F0E /* Application */,
				57830E681C0DDDE8006B5263 /* Controller */,
				57830E6F1C0DDDE8006B5263 /* Model */,
				57830E751C0DDDE8006B5263 /* View */,
				575C93301C101E1B0079984F /* Handle */,
				575C932C1C101A9E0079984F /* NetWork */,
				571FC5621C0817D4009F1F0E /* Tools */,
				571FC4F91C07F30C009F1F0E /* Supporting Files */,
			);
			path = TodayHomework;
			sourceTree = "<group>";
		};
		571FC4F91C07F30C009F1F0E /* Supporting Files */ = {
			isa = PBXGroup;
			children = (
				57A3ED1D1C224FCA0077C95D /* Info.plist */,
				571FC5051C07F30C009F1F0E /* Assets.xcassets */,
				571FC4FA1C07F30C009F1F0E /* main.m */,
				571FC5101C07F334009F1F0E /* PrefixHeader.pch */,
			);
			name = "Supporting Files";
			sourceTree = "<group>";
		};
		571FC5111C07F456009F1F0E /* Application */ = {
			isa = PBXGroup;
			children = (
				571FC5121C07F456009F1F0E /* AppDelegate.h */,
				571FC5131C07F456009F1F0E /* AppDelegate.m */,
				571FC5541C0810DB009F1F0E /* Constants.h */,
			);
			path = Application;
			sourceTree = "<group>";
		};
		571FC5621C0817D4009F1F0E /* Tools */ = {
			isa = PBXGroup;
			children = (
				57C804C11C183A6E00AF1544 /* 浏览图片 */,
				57C804BC1C18333600AF1544 /* 查看附件 */,
				57C8046A1C1674CF00AF1544 /* 添加附件 */,
				57C804661C166C9E00AF1544 /* WUInputAccessoryView */,
				57830EF11C0DE7D8006B5263 /* WUButtonContainerView */,
				57830E5C1C0DD6FE006B5263 /* UserTool */,
				571FC56E1C082A16009F1F0E /* category */,
				571FC5631C081804009F1F0E /* AppUtils.h */,
				571FC5641C081804009F1F0E /* AppUtils.m */,
			);
			path = Tools;
			sourceTree = "<group>";
		};
		571FC56E1C082A16009F1F0E /* category */ = {
			isa = PBXGroup;
			children = (
				571FC56F1C082A30009F1F0E /* UIView+Frame.h */,
				571FC5701C082A30009F1F0E /* UIView+Frame.m */,
				57452A0F1C1725BC00521F7F /* NSString+Gen_uuid.h */,
				57452A101C1725BC00521F7F /* NSString+Gen_uuid.m */,
			);
			name = category;
			sourceTree = "<group>";
		};
		5737C3071C117AC8003F3EDF /* 发布作业 */ = {
			isa = PBXGroup;
			children = (
				57830EB01C0DDF0F006B5263 /* PublishHomeworkViewController.h */,
				57830EB11C0DDF0F006B5263 /* PublishHomeworkViewController.m */,
			);
			name = "发布作业";
			sourceTree = "<group>";
		};
		575C932C1C101A9E0079984F /* NetWork */ = {
			isa = PBXGroup;
			children = (
				575C93341C1020550079984F /* THAPI.h */,
				575C932D1C101B690079984F /* WUHttpClient.h */,
				575C932E1C101B690079984F /* WUHttpClient.m */,
			);
			path = NetWork;
			sourceTree = "<group>";
		};
		575C93301C101E1B0079984F /* Handle */ = {
			isa = PBXGroup;
			children = (
				575C93351C1021740079984F /* BaseHandle.h */,
				575C93361C1021740079984F /* BaseHandle.m */,
				575C93311C101E2A0079984F /* UserInfoHandle.h */,
				575C93321C101E2A0079984F /* UserInfoHandle.m */,
				5737C3081C117E60003F3EDF /* HomeworkHandle.h */,
				5737C3091C117E60003F3EDF /* HomeworkHandle.m */,
			);
			path = Handle;
			sourceTree = "<group>";
		};
		5761927F1C204B6100179A35 /* WUPopView */ = {
			isa = PBXGroup;
			children = (
				576192801C204BA700179A35 /* WUPopView.h */,
				576192811C204BA700179A35 /* WUPopView.m */,
				576192831C204D4100179A35 /* WUPopViewDataSource.h */,
				576192841C204D4100179A35 /* WUPopViewDataSource.m */,
			);
			name = WUPopView;
			sourceTree = "<group>";
		};
		57830E5C1C0DD6FE006B5263 /* UserTool */ = {
			isa = PBXGroup;
			children = (
				57830E5D1C0DD72A006B5263 /* UserTool.h */,
				57830E5E1C0DD72A006B5263 /* UserTool.m */,
				575C93441C10382E0079984F /* UserInfoTool.h */,
				575C93451C10382E0079984F /* UserInfoTool.m */,
			);
			name = UserTool;
			sourceTree = "<group>";
		};
		57830E681C0DDDE8006B5263 /* Controller */ = {
			isa = PBXGroup;
			children = (
				57830E9E1C0DDE92006B5263 /* 其他 */,
				57830E691C0DDDE8006B5263 /* Base */,
				57830E6B1C0DDDE8006B5263 /* 今日作业 */,
				57830E6D1C0DDDE8006B5263 /* 班级管理 */,
				57830E6A1C0DDDE8006B5263 /* 个人中心 */,
				57830E6E1C0DDDE8006B5263 /* 登陆注册 */,
			);
			path = Controller;
			sourceTree = "<group>";
		};
		57830E691C0DDDE8006B5263 /* Base */ = {
			isa = PBXGroup;
			children = (
				57830EA51C0DDECE006B5263 /* BaseViewController.h */,
				57830EA61C0DDECE006B5263 /* BaseViewController.m */,
				575C93381C102A4E0079984F /* BaseModel.h */,
				575C93391C102A4E0079984F /* BaseModel.m */,
			);
			path = Base;
			sourceTree = "<group>";
		};
		57830E6A1C0DDDE8006B5263 /* 个人中心 */ = {
			isa = PBXGroup;
			children = (
				57830EA81C0DDEEF006B5263 /* PersonalCenterViewController.h */,
				57830EA91C0DDEEF006B5263 /* PersonalCenterViewController.m */,
				5737C2FC1C116F5B003F3EDF /* PersonalCenterTableDataSource.h */,
				5737C2FD1C116F5B003F3EDF /* PersonalCenterTableDataSource.m */,
			);
			path = "个人中心";
			sourceTree = "<group>";
		};
		57830E6B1C0DDDE8006B5263 /* 今日作业 */ = {
			isa = PBXGroup;
			children = (
				57830EAD1C0DDF0F006B5263 /* HomeViewController.h */,
				57830EAE1C0DDF0F006B5263 /* HomeViewController.m */,
				5737C2FF1C11734A003F3EDF /* HomeTableDataSource.h */,
				5737C3001C11734A003F3EDF /* HomeTableDataSource.m */,
				5737C3071C117AC8003F3EDF /* 发布作业 */,
				57C804241C1556F200AF1544 /* 作业管理 */,
			);
			path = "今日作业";
			sourceTree = "<group>";
		};
		57830E6D1C0DDDE8006B5263 /* 班级管理 */ = {
			isa = PBXGroup;
			children = (
				5710CA7A1C1FADC500D9E652 /* ClassManageViewController.h */,
				5710CA7B1C1FADC500D9E652 /* ClassManageViewController.m */,
				5710CA711C1FADC500D9E652 /* ClassManageDataSource.h */,
				5710CA721C1FADC500D9E652 /* ClassManageDataSource.m */,
				57830EB71C0DDF23006B5263 /* AddClassViewController.h */,
				57830EB81C0DDF23006B5263 /* AddClassViewController.m */,
				5710CA751C1FADC500D9E652 /* ClassManageStudentViewController.h */,
				5710CA761C1FADC500D9E652 /* ClassManageStudentViewController.m */,
				5710CA771C1FADC500D9E652 /* ClassManageTeacherViewController.h */,
				5710CA781C1FADC500D9E652 /* ClassManageTeacherViewController.m */,
				5710CA791C1FADC500D9E652 /* ClassManageTeacherViewController.xib */,
				5710CA7C1C1FADC500D9E652 /* ModifyClassInfoViewController.h */,
				5710CA7D1C1FADC500D9E652 /* ModifyClassInfoViewController.m */,
				5710CA7E1C1FADC500D9E652 /* ModifyClassInfoViewController.xib */,
			);
			path = "班级管理";
			sourceTree = "<group>";
		};
		57830E6E1C0DDDE8006B5263 /* 登陆注册 */ = {
			isa = PBXGroup;
			children = (
				57830E911C0DDE59006B5263 /* LoginViewController.h */,
				57830E921C0DDE59006B5263 /* LoginViewController.m */,
				57830E931C0DDE59006B5263 /* LoginViewController.xib */,
				57830E941C0DDE59006B5263 /* SelectSchoolViewController.h */,
				57830E951C0DDE59006B5263 /* SelectSchoolViewController.m */,
				57830E961C0DDE59006B5263 /* TeacherRegisterViewController.h */,
				57830E971C0DDE59006B5263 /* TeacherRegisterViewController.m */,
				57830E981C0DDE59006B5263 /* TeacherRegisterViewController.xib */,
			);
			path = "登陆注册";
			sourceTree = "<group>";
		};
		57830E6F1C0DDDE8006B5263 /* Model */ = {
			isa = PBXGroup;
			children = (
				57C804431C1568D700AF1544 /* 班级管理 */,
				57C804441C1568D700AF1544 /* 今日作业 */,
				57830E701C0DDDE8006B5263 /* 个人中心 */,
			);
			path = Model;
			sourceTree = "<group>";
		};
		57830E701C0DDDE8006B5263 /* 个人中心 */ = {
			isa = PBXGroup;
			children = (
				575C933B1C102A650079984F /* UserInfoModel.h */,
				575C933C1C102A650079984F /* UserInfoModel.m */,
				575C933E1C102AA40079984F /* SchoolInfoModel.h */,
				575C933F1C102AA40079984F /* SchoolInfoModel.m */,
				575C93411C102DF90079984F /* ParamInfoModel.h */,
				575C93421C102DF90079984F /* ParamInfoModel.m */,
			);
			path = "个人中心";
			sourceTree = "<group>";
		};
		57830E751C0DDDE8006B5263 /* View */ = {
			isa = PBXGroup;
			children = (
				57830E761C0DDDE8006B5263 /* CommonView */,
				57830E7A1C0DDDE8006B5263 /* 今日作业 */,
				57830E791C0DDDE8006B5263 /* 个人中心 */,
				5710CA961C1FAE1A00D9E652 /* 班级管理 */,
				57830E821C0DDDE8006B5263 /* 登陆注册 */,
			);
			path = View;
			sourceTree = "<group>";
		};
		57830E761C0DDDE8006B5263 /* CommonView */ = {
			isa = PBXGroup;
			children = (
				57830EC21C0DDFE3006B5263 /* THLoginTextField.h */,
				57830EC31C0DDFE3006B5263 /* THLoginTextField.m */,
				57830EC41C0DDFE3006B5263 /* THSubmitButton.h */,
				57830EC51C0DDFE3006B5263 /* THSubmitButton.m */,
				57830EC61C0DDFE3006B5263 /* THTextField.h */,
				57830EC71C0DDFE3006B5263 /* THTextField.m */,
			);
			path = CommonView;
			sourceTree = "<group>";
		};
		57830E791C0DDDE8006B5263 /* 个人中心 */ = {
			isa = PBXGroup;
			children = (
				575C93561C1045D20079984F /* HeaderIconCell.h */,
				575C93571C1045D20079984F /* HeaderIconCell.m */,
				575C93581C1045D20079984F /* HeaderIconCell.xib */,
				575C934C1C1042700079984F /* PersonalCenterItemCell.h */,
				575C934D1C1042700079984F /* PersonalCenterItemCell.m */,
				575C934E1C1042700079984F /* PersonalCenterItemCell.xib */,
				575C93511C1044130079984F /* PersonalCenterSubItemCell.h */,
				575C93521C1044130079984F /* PersonalCenterSubItemCell.m */,
				575C93531C1044130079984F /* PersonalCenterSubItemCell.xib */,
			);
			path = "个人中心";
			sourceTree = "<group>";
		};
		57830E7A1C0DDDE8006B5263 /* 今日作业 */ = {
			isa = PBXGroup;
			children = (
				57830E7B1C0DDDE8006B5263 /* AddClassCell.h */,
				57830E7C1C0DDDE8006B5263 /* AddClassCell.m */,
				57830E7D1C0DDDE8006B5263 /* AddClassCell.xib */,
				57830E7E1C0DDDE8006B5263 /* OtherClassCell.h */,
				57830E7F1C0DDDE8006B5263 /* OtherClassCell.m */,
				57830E801C0DDDE8006B5263 /* OtherClassCell.xib */,
				57830EE31C0DE108006B5263 /* HomeworkHeaderView.h */,
				57830EE41C0DE108006B5263 /* HomeworkHeaderView.m */,
				57830EE11C0DE0F9006B5263 /* HomeworkHeaderView.xib */,
				5737C3021C1176D1003F3EDF /* HomeCell.h */,
				5737C3031C1176D1003F3EDF /* HomeCell.m */,
				5737C3041C1176D1003F3EDF /* HomeCell.xib */,
				57C8048D1C17C63000AF1544 /* HomeworkDeleteButton.h */,
				57C8048E1C17C63000AF1544 /* HomeworkDeleteButton.m */,
				57C8047F1C16C33400AF1544 /* 发布作业 */,
			);
			path = "今日作业";
			sourceTree = "<group>";
		};
		57830E821C0DDDE8006B5263 /* 登陆注册 */ = {
			isa = PBXGroup;
			children = (
				57830E831C0DDDE8006B5263 /* SelectSchoolHeaderView.h */,
				57830E841C0DDDE8006B5263 /* SelectSchoolHeaderView.m */,
				57830E851C0DDDE8006B5263 /* SelectSchoolHeaderView.xib */,
				57830EBF1C0DDFB9006B5263 /* SelectSchoolButton.h */,
				57830EC01C0DDFB9006B5263 /* SelectSchoolButton.m */,
			);
			path = "登陆注册";
			sourceTree = "<group>";
		};
		57830E9E1C0DDE92006B5263 /* 其他 */ = {
			isa = PBXGroup;
			children = (
				57830EDB1C0DE038006B5263 /* THNavigationController.h */,
				57830EDC1C0DE038006B5263 /* THNavigationController.m */,
				57830EDD1C0DE038006B5263 /* THTabBarController.h */,
				57830EDE1C0DE038006B5263 /* THTabBarController.m */,
			);
			name = "其他";
			sourceTree = "<group>";
		};
		57830EF11C0DE7D8006B5263 /* WUButtonContainerView */ = {
			isa = PBXGroup;
			children = (
				57830EF21C0DE7D8006B5263 /* icon */,
				57830EF71C0DE7D8006B5263 /* WUButton.h */,
				57830EF81C0DE7D8006B5263 /* WUButton.m */,
				57830EF91C0DE7D8006B5263 /* WUButtonContainrView.h */,
				57830EFA1C0DE7D8006B5263 /* WUButtonContainrView.m */,
			);
			path = WUButtonContainerView;
			sourceTree = "<group>";
		};
		57830EF21C0DE7D8006B5263 /* icon */ = {
			isa = PBXGroup;
			children = (
				57830EF31C0DE7D8006B5263 /* chexbox_checked@2x.png */,
				57830EF41C0DE7D8006B5263 /* chexbox_normal@2x.png */,
				57830EF51C0DE7D8006B5263 /* radio_checked@2x.png */,
				57830EF61C0DE7D8006B5263 /* radio_normal@2x.png */,
			);
			path = icon;
			sourceTree = "<group>";
		};
		57C804241C1556F200AF1544 /* 作业管理 */ = {
			isa = PBXGroup;
			children = (
				57C804251C15571500AF1544 /* HomeworkManageViewController.h */,
				57C804261C15571500AF1544 /* HomeworkManageViewController.m */,
				57C804881C17C4AB00AF1544 /* 作业详情 */,
				57C804891C17C4BB00AF1544 /* 查看情况 */,
				57C8048A1C17C4C300AF1544 /* 修改作业 */,
				57C8048B1C17C4CA00AF1544 /* 上传答案 */,
				57C8048C1C17C4D500AF1544 /* 修改答案 */,
			);
			name = "作业管理";
			sourceTree = "<group>";
		};
		57C804431C1568D700AF1544 /* 班级管理 */ = {
			isa = PBXGroup;
			children = (
			);
			path = "班级管理";
			sourceTree = "<group>";
		};
		57C804441C1568D700AF1544 /* 今日作业 */ = {
			isa = PBXGroup;
			children = (
				57C804491C1568D700AF1544 /* HomeworkStatusModel.h */,
				57C8044A1C1568D700AF1544 /* HomeworkStatusModel.m */,
				57C804471C1568D700AF1544 /* HomeworkModel.h */,
				57C804481C1568D700AF1544 /* HomeworkModel.m */,
				57C804B61C181E0800AF1544 /* AttachmentInfoModel.h */,
				57C804B71C181E0800AF1544 /* AttachmentInfoModel.m */,
				57C804631C15791800AF1544 /* ClassInfoModel.h */,
				57C804641C15791800AF1544 /* ClassInfoModel.m */,
				57C804451C1568D700AF1544 /* ClassesInfoModel.h */,
				57C804461C1568D700AF1544 /* ClassesInfoModel.m */,
			);
			path = "今日作业";
			sourceTree = "<group>";
		};
		57C804661C166C9E00AF1544 /* WUInputAccessoryView */ = {
			isa = PBXGroup;
			children = (
				57C804671C166C9E00AF1544 /* CustomInputAccessoryView.h */,
				57C804681C166C9E00AF1544 /* CustomInputAccessoryView.m */,
			);
			path = WUInputAccessoryView;
			sourceTree = "<group>";
		};
		57C8046A1C1674CF00AF1544 /* 添加附件 */ = {
			isa = PBXGroup;
			children = (
				57C8046B1C1674CF00AF1544 /* AttachmentContainerView.h */,
				57C8046C1C1674CF00AF1544 /* AttachmentContainerView.m */,
				57C8046D1C1674CF00AF1544 /* AttachmentPhoto.h */,
				57C8046E1C1674CF00AF1544 /* AttachmentPhoto.m */,
				57C8046F1C1674CF00AF1544 /* icon_delete@2x.png */,
				57C804701C1674CF00AF1544 /* icon_upload_homework@2x.png */,
			);
			path = "添加附件";
			sourceTree = "<group>";
		};
		57C8047F1C16C33400AF1544 /* 发布作业 */ = {
			isa = PBXGroup;
			children = (
				57C8045B1C156EC500AF1544 /* TextFieldCell.h */,
				57C8045C1C156EC500AF1544 /* TextFieldCell.m */,
				57C8045D1C156EC500AF1544 /* TextFieldCell.xib */,
				57C804801C16C34E00AF1544 /* HomeworkContentCell.h */,
				57C804811C16C34E00AF1544 /* HomeworkContentCell.m */,
				57C804821C16C34E00AF1544 /* HomeworkContentCell.xib */,
				57C804751C16758E00AF1544 /* AddAttachmentCell.h */,
				57C804761C16758E00AF1544 /* AddAttachmentCell.m */,
				57C804771C16758E00AF1544 /* AddAttachmentCell.xib */,
				57C804851C16CD2C00AF1544 /* PublishHomeworkHeaderView.h */,
				57C804861C16CD2C00AF1544 /* PublishHomeworkHeaderView.m */,
			);
			name = "发布作业";
			sourceTree = "<group>";
		};
		57C804881C17C4AB00AF1544 /* 作业详情 */ = {
			isa = PBXGroup;
			children = (
				57C804281C15608700AF1544 /* HomeworkDetailViewController.h */,
				57C804291C15608700AF1544 /* HomeworkDetailViewController.m */,
				57C8042A1C15608700AF1544 /* HomeworkDetailViewController.xib */,
			);
			name = "作业详情";
			sourceTree = "<group>";
		};
		57C804891C17C4BB00AF1544 /* 查看情况 */ = {
			isa = PBXGroup;
			children = (
				57C8042D1C1561C700AF1544 /* CheckSituationViewController.h */,
				57C8042E1C1561C700AF1544 /* CheckSituationViewController.m */,
				57C8042F1C1561C700AF1544 /* CheckSituationViewController.xib */,
			);
			name = "查看情况";
			sourceTree = "<group>";
		};
		57C8048A1C17C4C300AF1544 /* 修改作业 */ = {
			isa = PBXGroup;
			children = (
				57C804321C1561FF00AF1544 /* ModifyHomeworkViewController.h */,
				57C804331C1561FF00AF1544 /* ModifyHomeworkViewController.m */,
				57C804341C1561FF00AF1544 /* ModifyHomeworkViewController.xib */,
			);
			name = "修改作业";
			sourceTree = "<group>";
		};
		57C8048B1C17C4CA00AF1544 /* 上传答案 */ = {
			isa = PBXGroup;
			children = (
				57C804511C156BA000AF1544 /* UploadAnswerViewController.h */,
				57C804521C156BA000AF1544 /* UploadAnswerViewController.m */,
				57C804531C156BA000AF1544 /* UploadAnswerViewController.xib */,
			);
			name = "上传答案";
			sourceTree = "<group>";
		};
		57C8048C1C17C4D500AF1544 /* 修改答案 */ = {
			isa = PBXGroup;
			children = (
				57C804561C156BBE00AF1544 /* ModifyAnswerViewController.h */,
				57C804571C156BBE00AF1544 /* ModifyAnswerViewController.m */,
				57C804581C156BBE00AF1544 /* ModifyAnswerViewController.xib */,
			);
			name = "修改答案";
			sourceTree = "<group>";
		};
		57C804BC1C18333600AF1544 /* 查看附件 */ = {
			isa = PBXGroup;
			children = (
				57C804B31C180B8600AF1544 /* CheckAttachmentContainerView.h */,
				57C804B41C180B8600AF1544 /* CheckAttachmentContainerView.m */,
				57C804B91C18252F00AF1544 /* Attachment.h */,
				57C804BA1C18252F00AF1544 /* Attachment.m */,
			);
			name = "查看附件";
			sourceTree = "<group>";
		};
		57C804C11C183A6E00AF1544 /* 浏览图片 */ = {
			isa = PBXGroup;
			children = (
				5710CA6B1C1FAD7700D9E652 /* BrowsePictureViewController.h */,
				5710CA6C1C1FAD7700D9E652 /* BrowsePictureViewController.m */,
				5710CA6D1C1FAD7700D9E652 /* PictureCell.h */,
				5710CA6E1C1FAD7700D9E652 /* PictureCell.m */,
			);
			name = "浏览图片";
			sourceTree = "<group>";
		};
		6B44C7247B1E1D4E27BE205E /* Pods */ = {
			isa = PBXGroup;
			children = (
				474AC06B14A3B6419A99FCFB /* Pods.debug.xcconfig */,
				7D5B5C49B22473585AECE0BA /* Pods.release.xcconfig */,
			);
			name = Pods;
			sourceTree = "<group>";
		};
		E80C1E7B47185337F555C3AC /* Frameworks */ = {
			isa = PBXGroup;
			children = (
				7A27961751BEF2DBD147CC55 /* libPods.a */,
			);
			name = Frameworks;
			sourceTree = "<group>";
		};
/* End PBXGroup section */

/* Begin PBXNativeTarget section */
		571FC4F51C07F30C009F1F0E /* TodayHomework */ = {
			isa = PBXNativeTarget;
			buildConfigurationList = 571FC50D1C07F30C009F1F0E /* Build configuration list for PBXNativeTarget "TodayHomework" */;
			buildPhases = (
				A4BAA7C46BC12E1278A69E59 /* Check Pods Manifest.lock */,
				571FC4F21C07F30C009F1F0E /* Sources */,
				571FC4F31C07F30C009F1F0E /* Frameworks */,
				571FC4F41C07F30C009F1F0E /* Resources */,
				5DDC996FC83D79D30689328B /* Embed Pods Frameworks */,
				63550349CD88AD77B5286807 /* Copy Pods Resources */,
			);
			buildRules = (
			);
			dependencies = (
			);
			name = TodayHomework;
			productName = TodayHomework;
			productReference = 571FC4F61C07F30C009F1F0E /* TodayHomework.app */;
			productType = "com.apple.product-type.application";
		};
/* End PBXNativeTarget section */

/* Begin PBXProject section */
		571FC4EE1C07F30C009F1F0E /* Project object */ = {
			isa = PBXProject;
			attributes = {
				LastUpgradeCheck = 0710;
				ORGANIZATIONNAME = "吴启晗";
				TargetAttributes = {
					571FC4F51C07F30C009F1F0E = {
						CreatedOnToolsVersion = 7.1.1;
					};
				};
			};
			buildConfigurationList = 571FC4F11C07F30C009F1F0E /* Build configuration list for PBXProject "TodayHomework" */;
			compatibilityVersion = "Xcode 3.2";
			developmentRegion = English;
			hasScannedForEncodings = 0;
			knownRegions = (
				en,
				Base,
			);
			mainGroup = 571FC4ED1C07F30C009F1F0E;
			productRefGroup = 571FC4F71C07F30C009F1F0E /* Products */;
			projectDirPath = "";
			projectRoot = "";
			targets = (
				571FC4F51C07F30C009F1F0E /* TodayHomework */,
			);
		};
/* End PBXProject section */

/* Begin PBXResourcesBuildPhase section */
		571FC4F41C07F30C009F1F0E /* Resources */ = {
			isa = PBXResourcesBuildPhase;
			buildActionMask = 2147483647;
			files = (
				57C804741C1674CF00AF1544 /* icon_upload_homework@2x.png in Resources */,
				57C8042C1C15608700AF1544 /* HomeworkDetailViewController.xib in Resources */,
				5710CA9B1C1FAE1A00D9E652 /* StudentManageCell.xib in Resources */,
				5710CAA01C1FB0A400D9E652 /* ClassManageCell.xib in Resources */,
				57830EFE1C0DE7D8006B5263 /* radio_normal@2x.png in Resources */,
				57830EFB1C0DE7D8006B5263 /* chexbox_checked@2x.png in Resources */,
				57C804361C1561FF00AF1544 /* ModifyHomeworkViewController.xib in Resources */,
				57C804551C156BA000AF1544 /* UploadAnswerViewController.xib in Resources */,
				57C804731C1674CF00AF1544 /* icon_delete@2x.png in Resources */,
				575C935A1C1045D20079984F /* HeaderIconCell.xib in Resources */,
				57C8045F1C156EC500AF1544 /* TextFieldCell.xib in Resources */,
				575C93551C1044130079984F /* PersonalCenterSubItemCell.xib in Resources */,
				57C804841C16C34E00AF1544 /* HomeworkContentCell.xib in Resources */,
				57C8045A1C156BBE00AF1544 /* ModifyAnswerViewController.xib in Resources */,
				57C804791C16758E00AF1544 /* AddAttachmentCell.xib in Resources */,
				5710CA891C1FADC500D9E652 /* ModifyClassInfoViewController.xib in Resources */,
				57A3ED1E1C224FCA0077C95D /* Info.plist in Resources */,
				57830EFD1C0DE7D8006B5263 /* radio_checked@2x.png in Resources */,
				57830E9A1C0DDE59006B5263 /* LoginViewController.xib in Resources */,
				5710CAA51C1FB0AC00D9E652 /* ClassManageSubCell.xib in Resources */,
				5710CA861C1FADC500D9E652 /* ClassManageTeacherViewController.xib in Resources */,
				57830EE21C0DE0F9006B5263 /* HomeworkHeaderView.xib in Resources */,
				57830E8B1C0DDDE8006B5263 /* OtherClassCell.xib in Resources */,
				57C804311C1561C700AF1544 /* CheckSituationViewController.xib in Resources */,
				5737C3061C1176D1003F3EDF /* HomeCell.xib in Resources */,
				57830E9D1C0DDE59006B5263 /* TeacherRegisterViewController.xib in Resources */,
				57830E891C0DDDE8006B5263 /* AddClassCell.xib in Resources */,
				571FC5061C07F30C009F1F0E /* Assets.xcassets in Resources */,
				57830EFC1C0DE7D8006B5263 /* chexbox_normal@2x.png in Resources */,
				57830E8D1C0DDDE8006B5263 /* SelectSchoolHeaderView.xib in Resources */,
				575C93501C1042700079984F /* PersonalCenterItemCell.xib in Resources */,
			);
			runOnlyForDeploymentPostprocessing = 0;
		};
/* End PBXResourcesBuildPhase section */

/* Begin PBXShellScriptBuildPhase section */
		5DDC996FC83D79D30689328B /* Embed Pods Frameworks */ = {
			isa = PBXShellScriptBuildPhase;
			buildActionMask = 2147483647;
			files = (
			);
			inputPaths = (
			);
			name = "Embed Pods Frameworks";
			outputPaths = (
			);
			runOnlyForDeploymentPostprocessing = 0;
			shellPath = /bin/sh;
			shellScript = "\"${SRCROOT}/Pods/Target Support Files/Pods/Pods-frameworks.sh\"\n";
			showEnvVarsInLog = 0;
		};
		63550349CD88AD77B5286807 /* Copy Pods Resources */ = {
			isa = PBXShellScriptBuildPhase;
			buildActionMask = 2147483647;
			files = (
			);
			inputPaths = (
			);
			name = "Copy Pods Resources";
			outputPaths = (
			);
			runOnlyForDeploymentPostprocessing = 0;
			shellPath = /bin/sh;
			shellScript = "\"${SRCROOT}/Pods/Target Support Files/Pods/Pods-resources.sh\"\n";
			showEnvVarsInLog = 0;
		};
		A4BAA7C46BC12E1278A69E59 /* Check Pods Manifest.lock */ = {
			isa = PBXShellScriptBuildPhase;
			buildActionMask = 2147483647;
			files = (
			);
			inputPaths = (
			);
			name = "Check Pods Manifest.lock";
			outputPaths = (
			);
			runOnlyForDeploymentPostprocessing = 0;
			shellPath = /bin/sh;
			shellScript = "diff \"${PODS_ROOT}/../Podfile.lock\" \"${PODS_ROOT}/Manifest.lock\" > /dev/null\nif [[ $? != 0 ]] ; then\n    cat << EOM\nerror: The sandbox is not in sync with the Podfile.lock. Run 'pod install' or update your CocoaPods installation.\nEOM\n    exit 1\nfi\n";
			showEnvVarsInLog = 0;
		};
/* End PBXShellScriptBuildPhase section */

/* Begin PBXSourcesBuildPhase section */
		571FC4F21C07F30C009F1F0E /* Sources */ = {
			isa = PBXSourcesBuildPhase;
			buildActionMask = 2147483647;
			files = (
				57830E881C0DDDE8006B5263 /* AddClassCell.m in Sources */,
				5710CA881C1FADC500D9E652 /* ModifyClassInfoViewController.m in Sources */,
				57830EC11C0DDFB9006B5263 /* SelectSchoolButton.m in Sources */,
				5710CA841C1FADC500D9E652 /* ClassManageStudentViewController.m in Sources */,
				57C804591C156BBE00AF1544 /* ModifyAnswerViewController.m in Sources */,
				57C8045E1C156EC500AF1544 /* TextFieldCell.m in Sources */,
				5737C3051C1176D1003F3EDF /* HomeCell.m in Sources */,
				5710CA6F1C1FAD7700D9E652 /* BrowsePictureViewController.m in Sources */,
				57830EBC1C0DDF23006B5263 /* AddClassViewController.m in Sources */,
				57830F001C0DE7D8006B5263 /* WUButtonContainrView.m in Sources */,
				57C804721C1674CF00AF1544 /* AttachmentPhoto.m in Sources */,
				57830EE01C0DE038006B5263 /* THTabBarController.m in Sources */,
				57C804301C1561C700AF1544 /* CheckSituationViewController.m in Sources */,
				5710CA871C1FADC500D9E652 /* ClassManageViewController.m in Sources */,
				57C8044C1C1568D700AF1544 /* HomeworkModel.m in Sources */,
				575C93401C102AA40079984F /* SchoolInfoModel.m in Sources */,
				5710CA851C1FADC500D9E652 /* ClassManageTeacherViewController.m in Sources */,
				576192851C204D4100179A35 /* WUPopViewDataSource.m in Sources */,
				57830E8A1C0DDDE8006B5263 /* OtherClassCell.m in Sources */,
				5737C2FE1C116F5B003F3EDF /* PersonalCenterTableDataSource.m in Sources */,
				57830EFF1C0DE7D8006B5263 /* WUButton.m in Sources */,
				571FC5201C07F456009F1F0E /* AppDelegate.m in Sources */,
				5710CA9A1C1FAE1A00D9E652 /* StudentManageCell.m in Sources */,
				57C804351C1561FF00AF1544 /* ModifyHomeworkViewController.m in Sources */,
				57C8048F1C17C63000AF1544 /* HomeworkDeleteButton.m in Sources */,
				57830E5F1C0DD72A006B5263 /* UserTool.m in Sources */,
				57830EB31C0DDF0F006B5263 /* HomeViewController.m in Sources */,
				576192821C204BA700179A35 /* WUPopView.m in Sources */,
				57C804831C16C34E00AF1544 /* HomeworkContentCell.m in Sources */,
				57830EAB1C0DDEF0006B5263 /* PersonalCenterViewController.m in Sources */,
				57830E9B1C0DDE59006B5263 /* SelectSchoolViewController.m in Sources */,
				575C93331C101E2A0079984F /* UserInfoHandle.m in Sources */,
				57C804651C15791800AF1544 /* ClassInfoModel.m in Sources */,
				57C804B81C181E0800AF1544 /* AttachmentInfoModel.m in Sources */,
				57452A111C1725BC00521F7F /* NSString+Gen_uuid.m in Sources */,
				5710CA701C1FAD7700D9E652 /* PictureCell.m in Sources */,
				5710CA821C1FADC500D9E652 /* ClassManageDataSource.m in Sources */,
				57C804271C15571500AF1544 /* HomeworkManageViewController.m in Sources */,
				57C804541C156BA000AF1544 /* UploadAnswerViewController.m in Sources */,
				57C804711C1674CF00AF1544 /* AttachmentContainerView.m in Sources */,
				571FC5711C082A30009F1F0E /* UIView+Frame.m in Sources */,
				57C8042B1C15608700AF1544 /* HomeworkDetailViewController.m in Sources */,
				575C933D1C102A650079984F /* UserInfoModel.m in Sources */,
				575C93591C1045D20079984F /* HeaderIconCell.m in Sources */,
				5710CA9F1C1FB0A400D9E652 /* ClassManageCell.m in Sources */,
				575C93431C102DF90079984F /* ParamInfoModel.m in Sources */,
				57830E991C0DDE59006B5263 /* LoginViewController.m in Sources */,
				5737C30A1C117E60003F3EDF /* HomeworkHandle.m in Sources */,
				57C804BB1C18252F00AF1544 /* Attachment.m in Sources */,
				575C93541C1044130079984F /* PersonalCenterSubItemCell.m in Sources */,
				575C933A1C102A4E0079984F /* BaseModel.m in Sources */,
				57C804871C16CD2C00AF1544 /* PublishHomeworkHeaderView.m in Sources */,
				57830ECA1C0DDFE3006B5263 /* THTextField.m in Sources */,
				57830EA71C0DDECE006B5263 /* BaseViewController.m in Sources */,
				57830E9C1C0DDE59006B5263 /* TeacherRegisterViewController.m in Sources */,
				571FC5651C081804009F1F0E /* AppUtils.m in Sources */,
				5737C3011C11734A003F3EDF /* HomeTableDataSource.m in Sources */,
				57C8044D1C1568D700AF1544 /* HomeworkStatusModel.m in Sources */,
				57830EC81C0DDFE3006B5263 /* THLoginTextField.m in Sources */,
				57830EE51C0DE108006B5263 /* HomeworkHeaderView.m in Sources */,
				571FC4FB1C07F30C009F1F0E /* main.m in Sources */,
				5710CAA41C1FB0AC00D9E652 /* ClassManageSubCell.m in Sources */,
				57830EC91C0DDFE3006B5263 /* THSubmitButton.m in Sources */,
				57C804691C166C9E00AF1544 /* CustomInputAccessoryView.m in Sources */,
				57830E8C1C0DDDE8006B5263 /* SelectSchoolHeaderView.m in Sources */,
				575C93371C1021740079984F /* BaseHandle.m in Sources */,
				57830EB51C0DDF0F006B5263 /* PublishHomeworkViewController.m in Sources */,
				57830EDF1C0DE038006B5263 /* THNavigationController.m in Sources */,
				57C804B51C180B8600AF1544 /* CheckAttachmentContainerView.m in Sources */,
				575C934F1C1042700079984F /* PersonalCenterItemCell.m in Sources */,
				575C93461C10382E0079984F /* UserInfoTool.m in Sources */,
				57C8044B1C1568D700AF1544 /* ClassesInfoModel.m in Sources */,
				5710CAA81C1FB0B700D9E652 /* ClassManageSelectSubjectView.m in Sources */,
				57C804781C16758E00AF1544 /* AddAttachmentCell.m in Sources */,
				575C932F1C101B690079984F /* WUHttpClient.m in Sources */,
			);
			runOnlyForDeploymentPostprocessing = 0;
		};
/* End PBXSourcesBuildPhase section */

/* Begin XCBuildConfiguration section */
		571FC50B1C07F30C009F1F0E /* Debug */ = {
			isa = XCBuildConfiguration;
			buildSettings = {
				ALWAYS_SEARCH_USER_PATHS = NO;
				CLANG_CXX_LANGUAGE_STANDARD = "gnu++0x";
				CLANG_CXX_LIBRARY = "libc++";
				CLANG_ENABLE_MODULES = YES;
				CLANG_ENABLE_OBJC_ARC = YES;
				CLANG_WARN_BOOL_CONVERSION = YES;
				CLANG_WARN_CONSTANT_CONVERSION = YES;
				CLANG_WARN_DIRECT_OBJC_ISA_USAGE = YES_ERROR;
				CLANG_WARN_EMPTY_BODY = YES;
				CLANG_WARN_ENUM_CONVERSION = YES;
				CLANG_WARN_INT_CONVERSION = YES;
				CLANG_WARN_OBJC_ROOT_CLASS = YES_ERROR;
				CLANG_WARN_UNREACHABLE_CODE = YES;
				CLANG_WARN__DUPLICATE_METHOD_MATCH = YES;
				"CODE_SIGN_IDENTITY[sdk=iphoneos*]" = "iPhone Developer";
				COPY_PHASE_STRIP = NO;
				DEBUG_INFORMATION_FORMAT = dwarf;
				ENABLE_STRICT_OBJC_MSGSEND = YES;
				ENABLE_TESTABILITY = YES;
				GCC_C_LANGUAGE_STANDARD = gnu99;
				GCC_DYNAMIC_NO_PIC = NO;
				GCC_NO_COMMON_BLOCKS = YES;
				GCC_OPTIMIZATION_LEVEL = 0;
				GCC_PREPROCESSOR_DEFINITIONS = (
					"DEBUG=1",
					"$(inherited)",
				);
				GCC_WARN_64_TO_32_BIT_CONVERSION = YES;
				GCC_WARN_ABOUT_RETURN_TYPE = YES_ERROR;
				GCC_WARN_UNDECLARED_SELECTOR = YES;
				GCC_WARN_UNINITIALIZED_AUTOS = YES_AGGRESSIVE;
				GCC_WARN_UNUSED_FUNCTION = YES;
				GCC_WARN_UNUSED_VARIABLE = YES;
				IPHONEOS_DEPLOYMENT_TARGET = 9.1;
				MTL_ENABLE_DEBUG_INFO = YES;
				ONLY_ACTIVE_ARCH = YES;
				SDKROOT = iphoneos;
				TARGETED_DEVICE_FAMILY = "1,2";
			};
			name = Debug;
		};
		571FC50C1C07F30C009F1F0E /* Release */ = {
			isa = XCBuildConfiguration;
			buildSettings = {
				ALWAYS_SEARCH_USER_PATHS = NO;
				CLANG_CXX_LANGUAGE_STANDARD = "gnu++0x";
				CLANG_CXX_LIBRARY = "libc++";
				CLANG_ENABLE_MODULES = YES;
				CLANG_ENABLE_OBJC_ARC = YES;
				CLANG_WARN_BOOL_CONVERSION = YES;
				CLANG_WARN_CONSTANT_CONVERSION = YES;
				CLANG_WARN_DIRECT_OBJC_ISA_USAGE = YES_ERROR;
				CLANG_WARN_EMPTY_BODY = YES;
				CLANG_WARN_ENUM_CONVERSION = YES;
				CLANG_WARN_INT_CONVERSION = YES;
				CLANG_WARN_OBJC_ROOT_CLASS = YES_ERROR;
				CLANG_WARN_UNREACHABLE_CODE = YES;
				CLANG_WARN__DUPLICATE_METHOD_MATCH = YES;
				"CODE_SIGN_IDENTITY[sdk=iphoneos*]" = "iPhone Developer";
				COPY_PHASE_STRIP = NO;
				DEBUG_INFORMATION_FORMAT = "dwarf-with-dsym";
				ENABLE_NS_ASSERTIONS = NO;
				ENABLE_STRICT_OBJC_MSGSEND = YES;
				GCC_C_LANGUAGE_STANDARD = gnu99;
				GCC_NO_COMMON_BLOCKS = YES;
				GCC_WARN_64_TO_32_BIT_CONVERSION = YES;
				GCC_WARN_ABOUT_RETURN_TYPE = YES_ERROR;
				GCC_WARN_UNDECLARED_SELECTOR = YES;
				GCC_WARN_UNINITIALIZED_AUTOS = YES_AGGRESSIVE;
				GCC_WARN_UNUSED_FUNCTION = YES;
				GCC_WARN_UNUSED_VARIABLE = YES;
				IPHONEOS_DEPLOYMENT_TARGET = 9.1;
				MTL_ENABLE_DEBUG_INFO = NO;
				SDKROOT = iphoneos;
				TARGETED_DEVICE_FAMILY = "1,2";
				VALIDATE_PRODUCT = YES;
			};
			name = Release;
		};
		571FC50E1C07F30C009F1F0E /* Debug */ = {
			isa = XCBuildConfiguration;
			baseConfigurationReference = 474AC06B14A3B6419A99FCFB /* Pods.debug.xcconfig */;
			buildSettings = {
				ASSETCATALOG_COMPILER_APPICON_NAME = AppIcon;
				ASSETCATALOG_COMPILER_LAUNCHIMAGE_NAME = LaunchImage;
				GCC_PRECOMPILE_PREFIX_HEADER = YES;
				GCC_PREFIX_HEADER = TodayHomework/PrefixHeader.pch;
				INFOPLIST_FILE = TodayHomework/Info.plist;
				IPHONEOS_DEPLOYMENT_TARGET = 7.0;
				LD_RUNPATH_SEARCH_PATHS = "$(inherited) @executable_path/Frameworks";
				PRODUCT_BUNDLE_IDENTIFIER = com.wuqh.TodayHomework;
				PRODUCT_NAME = "$(TARGET_NAME)";
			};
			name = Debug;
		};
		571FC50F1C07F30C009F1F0E /* Release */ = {
			isa = XCBuildConfiguration;
			baseConfigurationReference = 7D5B5C49B22473585AECE0BA /* Pods.release.xcconfig */;
			buildSettings = {
				ASSETCATALOG_COMPILER_APPICON_NAME = AppIcon;
				ASSETCATALOG_COMPILER_LAUNCHIMAGE_NAME = LaunchImage;
				GCC_PRECOMPILE_PREFIX_HEADER = YES;
				GCC_PREFIX_HEADER = TodayHomework/PrefixHeader.pch;
				INFOPLIST_FILE = TodayHomework/Info.plist;
				IPHONEOS_DEPLOYMENT_TARGET = 7.0;
				LD_RUNPATH_SEARCH_PATHS = "$(inherited) @executable_path/Frameworks";
				PRODUCT_BUNDLE_IDENTIFIER = com.wuqh.TodayHomework;
				PRODUCT_NAME = "$(TARGET_NAME)";
			};
			name = Release;
		};
/* End XCBuildConfiguration section */

/* Begin XCConfigurationList section */
		571FC4F11C07F30C009F1F0E /* Build configuration list for PBXProject "TodayHomework" */ = {
			isa = XCConfigurationList;
			buildConfigurations = (
				571FC50B1C07F30C009F1F0E /* Debug */,
				571FC50C1C07F30C009F1F0E /* Release */,
			);
			defaultConfigurationIsVisible = 0;
			defaultConfigurationName = Release;
		};
		571FC50D1C07F30C009F1F0E /* Build configuration list for PBXNativeTarget "TodayHomework" */ = {
			isa = XCConfigurationList;
			buildConfigurations = (
				571FC50E1C07F30C009F1F0E /* Debug */,
				571FC50F1C07F30C009F1F0E /* Release */,
			);
			defaultConfigurationIsVisible = 0;
			defaultConfigurationName = Release;
		};
/* End XCConfigurationList section */
	};
	rootObject = 571FC4EE1C07F30C009F1F0E /* Project object */;
}
